// !$*UTF8*$!
{
	archiveVersion = 1;
	classes = {
	};
	objectVersion = 56;
	objects = {

/* Begin PBXBuildFile section */
		3631326C29F520BE0093BE38 /* AppDelegate.swift in Sources */ = {isa = PBXBuildFile; fileRef = 3631326B29F520BE0093BE38 /* AppDelegate.swift */; };
		3631326E29F520BE0093BE38 /* SceneDelegate.swift in Sources */ = {isa = PBXBuildFile; fileRef = 3631326D29F520BE0093BE38 /* SceneDelegate.swift */; };
		3631327529F520BF0093BE38 /* Assets.xcassets in Resources */ = {isa = PBXBuildFile; fileRef = 3631327429F520BF0093BE38 /* Assets.xcassets */; };
		3631327829F520BF0093BE38 /* LaunchScreen.storyboard in Resources */ = {isa = PBXBuildFile; fileRef = 3631327629F520BF0093BE38 /* LaunchScreen.storyboard */; };
		3631328329F520BF0093BE38 /* QuizProjectInUIKitTests.swift in Sources */ = {isa = PBXBuildFile; fileRef = 3631328229F520BF0093BE38 /* QuizProjectInUIKitTests.swift */; };
		3631328D29F520BF0093BE38 /* QuizProjectInUIKitUITests.swift in Sources */ = {isa = PBXBuildFile; fileRef = 3631328C29F520BF0093BE38 /* QuizProjectInUIKitUITests.swift */; };
		3631328F29F520BF0093BE38 /* QuizProjectInUIKitUITestsLaunchTests.swift in Sources */ = {isa = PBXBuildFile; fileRef = 3631328E29F520BF0093BE38 /* QuizProjectInUIKitUITestsLaunchTests.swift */; };
		36673FDC29F5279A004E2206 /* RealmSwift in Frameworks */ = {isa = PBXBuildFile; productRef = 36673FDB29F5279A004E2206 /* RealmSwift */; };
		36673FE529F52BAB004E2206 /* Constants.swift in Sources */ = {isa = PBXBuildFile; fileRef = 36673FE429F52BAB004E2206 /* Constants.swift */; };
		36673FE729F52BE1004E2206 /* TopViewController.swift in Sources */ = {isa = PBXBuildFile; fileRef = 36673FE629F52BE1004E2206 /* TopViewController.swift */; };
		36673FE929F52CF7004E2206 /* TopScreeen.storyboard in Resources */ = {isa = PBXBuildFile; fileRef = 36673FE829F52CF7004E2206 /* TopScreeen.storyboard */; };
		36673FED29F52E0C004E2206 /* nicomoji-plus_v2.ttf in Resources */ = {isa = PBXBuildFile; fileRef = 36673FEC29F52E0C004E2206 /* nicomoji-plus_v2.ttf */; };
		36673FF229F52E79004E2206 /* AnimateImageModel.swift in Sources */ = {isa = PBXBuildFile; fileRef = 36673FF129F52E79004E2206 /* AnimateImageModel.swift */; };
		36673FF529F52EE5004E2206 /* UIImage-Extension.swift in Sources */ = {isa = PBXBuildFile; fileRef = 36673FF429F52EE5004E2206 /* UIImage-Extension.swift */; };
		36673FF729F5548C004E2206 /* UserDefault-Extension.swift in Sources */ = {isa = PBXBuildFile; fileRef = 36673FF629F5548C004E2206 /* UserDefault-Extension.swift */; };
		36673FF929F554C8004E2206 /* UIViewController-Extension.swift in Sources */ = {isa = PBXBuildFile; fileRef = 36673FF829F554C8004E2206 /* UIViewController-Extension.swift */; };
		36673FFB29F55512004E2206 /* Player.swift in Sources */ = {isa = PBXBuildFile; fileRef = 36673FFA29F55512004E2206 /* Player.swift */; };
		36673FFD29F5552F004E2206 /* PlayerBrain.swift in Sources */ = {isa = PBXBuildFile; fileRef = 36673FFC29F5552F004E2206 /* PlayerBrain.swift */; };
		3667402429F5557E004E2206 /* UIAlertController-Extension.swift in Sources */ = {isa = PBXBuildFile; fileRef = 3667402329F5557E004E2206 /* UIAlertController-Extension.swift */; };
		3667403729F5572B004E2206 /* Shall_we_meet?BGM.mp3 in Resources */ = {isa = PBXBuildFile; fileRef = 3667402529F5572A004E2206 /* Shall_we_meet?BGM.mp3 */; };
		3667403829F5572B004E2206 /* えええ、、勉強するのだ.mp3 in Resources */ = {isa = PBXBuildFile; fileRef = 3667402629F5572A004E2206 /* えええ、、勉強するのだ.mp3 */; };
		3667403929F5572B004E2206 /* 不正解なのだ.mp3 in Resources */ = {isa = PBXBuildFile; fileRef = 3667402729F5572A004E2206 /* 不正解なのだ.mp3 */; };
		3667403A29F5572B004E2206 /* ButtonTap1.mp3 in Resources */ = {isa = PBXBuildFile; fileRef = 3667402829F5572A004E2206 /* ButtonTap1.mp3 */; };
		3667403B29F5572B004E2206 /* syuwasyuwaBGM.mp3 in Resources */ = {isa = PBXBuildFile; fileRef = 3667402929F5572A004E2206 /* syuwasyuwaBGM.mp3 */; };
		3667403C29F5572B004E2206 /* SunriseBGM.mp3 in Resources */ = {isa = PBXBuildFile; fileRef = 3667402A29F5572A004E2206 /* SunriseBGM.mp3 */; };
		3667403D29F5572B004E2206 /* もう少し頑張るのだ、ファイトなのだ.mp3 in Resources */ = {isa = PBXBuildFile; fileRef = 3667402B29F5572A004E2206 /* もう少し頑張るのだ、ファイトなのだ.mp3 */; };
		3667403E29F5572B004E2206 /* まずまずなのだ、次は満点目指すのだ.mp3 in Resources */ = {isa = PBXBuildFile; fileRef = 3667402C29F5572A004E2206 /* まずまずなのだ、次は満点目指すのだ.mp3 */; };
		3667403F29F5572B004E2206 /* NotSelect.mp3 in Resources */ = {isa = PBXBuildFile; fileRef = 3667402D29F5572B004E2206 /* NotSelect.mp3 */; };
		3667404029F5572B004E2206 /* ジャンルを選択するのだ.mp3 in Resources */ = {isa = PBXBuildFile; fileRef = 3667402E29F5572B004E2206 /* ジャンルを選択するのだ.mp3 */; };
		3667404129F5572B004E2206 /* AnswerSelect.mp3 in Resources */ = {isa = PBXBuildFile; fileRef = 3667402F29F5572B004E2206 /* AnswerSelect.mp3 */; };
		3667404229F5572B004E2206 /* すごいのだ、天才なのだ.mp3 in Resources */ = {isa = PBXBuildFile; fileRef = 3667403029F5572B004E2206 /* すごいのだ、天才なのだ.mp3 */; };
		3667404329F5572B004E2206 /* 残念BGM.mp3 in Resources */ = {isa = PBXBuildFile; fileRef = 3667403129F5572B004E2206 /* 残念BGM.mp3 */; };
		3667404429F5572B004E2206 /* Dance_With_PowderBGM.mp3 in Resources */ = {isa = PBXBuildFile; fileRef = 3667403229F5572B004E2206 /* Dance_With_PowderBGM.mp3 */; };
		3667404529F5572B004E2206 /* 次は頑張るのだ、応援してるのだ.mp3 in Resources */ = {isa = PBXBuildFile; fileRef = 3667403329F5572B004E2206 /* 次は頑張るのだ、応援してるのだ.mp3 */; };
		3667404629F5572B004E2206 /* 終了なのだ.mp3 in Resources */ = {isa = PBXBuildFile; fileRef = 3667403429F5572B004E2206 /* 終了なのだ.mp3 */; };
		3667404729F5572B004E2206 /* 春のキッチンBGM.mp3 in Resources */ = {isa = PBXBuildFile; fileRef = 3667403529F5572B004E2206 /* 春のキッチンBGM.mp3 */; };
		3667404829F5572B004E2206 /* 正解なのだ.mp3 in Resources */ = {isa = PBXBuildFile; fileRef = 3667403629F5572B004E2206 /* 正解なのだ.mp3 */; };
		3667404A29F557B0004E2206 /* GenreSelectScreen.storyboard in Resources */ = {isa = PBXBuildFile; fileRef = 3667404929F557B0004E2206 /* GenreSelectScreen.storyboard */; };
		3667404C29F55804004E2206 /* GenreSelectViewController.swift in Sources */ = {isa = PBXBuildFile; fileRef = 3667404B29F55804004E2206 /* GenreSelectViewController.swift */; };
		3667404F29F55846004E2206 /* GenreBrain.swift in Sources */ = {isa = PBXBuildFile; fileRef = 3667404E29F55845004E2206 /* GenreBrain.swift */; };
		3667405329F55935004E2206 /* ServiceManager.swift in Sources */ = {isa = PBXBuildFile; fileRef = 3667405229F55935004E2206 /* ServiceManager.swift */; };
		3667405529F5594B004E2206 /* ServiceAPIClient.swift in Sources */ = {isa = PBXBuildFile; fileRef = 3667405429F5594B004E2206 /* ServiceAPIClient.swift */; };
		3667405829F559A1004E2206 /* Service.swift in Sources */ = {isa = PBXBuildFile; fileRef = 3667405729F559A1004E2206 /* Service.swift */; };
		3667405B29F559CE004E2206 /* QuizData.swift in Sources */ = {isa = PBXBuildFile; fileRef = 3667405A29F559CE004E2206 /* QuizData.swift */; };
		3667405D29F55A12004E2206 /* ServiceData.swift in Sources */ = {isa = PBXBuildFile; fileRef = 3667405C29F55A12004E2206 /* ServiceData.swift */; };
		3667405F29F55A53004E2206 /* String-Extension.swift in Sources */ = {isa = PBXBuildFile; fileRef = 3667405E29F55A53004E2206 /* String-Extension.swift */; };
		3667406229F55AB6004E2206 /* GenreSelectTableViewCell.swift in Sources */ = {isa = PBXBuildFile; fileRef = 3667406129F55AB6004E2206 /* GenreSelectTableViewCell.swift */; };
		3667406529F55AD7004E2206 /* GenreSelectTableViewCell.xib in Resources */ = {isa = PBXBuildFile; fileRef = 3667406429F55AD7004E2206 /* GenreSelectTableViewCell.xib */; };
		3667406729F5FA9E004E2206 /* ProblemChallengeViewController.swift in Sources */ = {isa = PBXBuildFile; fileRef = 3667406629F5FA9E004E2206 /* ProblemChallengeViewController.swift */; };
		3667406929F5FAD8004E2206 /* ProblemChallengeScreen.storyboard in Resources */ = {isa = PBXBuildFile; fileRef = 3667406829F5FAD8004E2206 /* ProblemChallengeScreen.storyboard */; };
		3667406B29F6C234004E2206 /* QuizBrain.swift in Sources */ = {isa = PBXBuildFile; fileRef = 3667406A29F6C234004E2206 /* QuizBrain.swift */; };
		3667406E29F6C286004E2206 /* HistoryInfoModel.swift in Sources */ = {isa = PBXBuildFile; fileRef = 3667406D29F6C286004E2206 /* HistoryInfoModel.swift */; };
		3667407129F6C2D1004E2206 /* HistoryInfoRealmModel.swift in Sources */ = {isa = PBXBuildFile; fileRef = 3667407029F6C2D1004E2206 /* HistoryInfoRealmModel.swift */; };
		3667407329F6C2E9004E2206 /* BaseRealmModel.swift in Sources */ = {isa = PBXBuildFile; fileRef = 3667407229F6C2E9004E2206 /* BaseRealmModel.swift */; };
		3667407529F6C31E004E2206 /* Date-Extension.swift in Sources */ = {isa = PBXBuildFile; fileRef = 3667407429F6C31E004E2206 /* Date-Extension.swift */; };
		3667407729F6C33A004E2206 /* DateFormatter-Extension.swift in Sources */ = {isa = PBXBuildFile; fileRef = 3667407629F6C33A004E2206 /* DateFormatter-Extension.swift */; };
		3667407A29F6C386004E2206 /* HistoryInfoTable.swift in Sources */ = {isa = PBXBuildFile; fileRef = 3667407929F6C386004E2206 /* HistoryInfoTable.swift */; };
		3667407C29F6C3B1004E2206 /* ProblemChallengeTableViewCell.swift in Sources */ = {isa = PBXBuildFile; fileRef = 3667407B29F6C3B1004E2206 /* ProblemChallengeTableViewCell.swift */; };
		3667407E29F6C3C3004E2206 /* ProblemChallengeTableViewCell.xib in Resources */ = {isa = PBXBuildFile; fileRef = 3667407D29F6C3C2004E2206 /* ProblemChallengeTableViewCell.xib */; };
		3667408129F6C3E8004E2206 /* ShadowView.swift in Sources */ = {isa = PBXBuildFile; fileRef = 3667408029F6C3E8004E2206 /* ShadowView.swift */; };
		3667408329F6C417004E2206 /* UIColor-Extension.swift in Sources */ = {isa = PBXBuildFile; fileRef = 3667408229F6C417004E2206 /* UIColor-Extension.swift */; };
		3667408629F6C47E004E2206 /* RepositoryManager.swift in Sources */ = {isa = PBXBuildFile; fileRef = 3667408529F6C47E004E2206 /* RepositoryManager.swift */; };
		3667408C29F6C4C4004E2206 /* BaseRealmDao.swift in Sources */ = {isa = PBXBuildFile; fileRef = 3667408A29F6C4C4004E2206 /* BaseRealmDao.swift */; };
		3667408D29F6C4C4004E2206 /* HistoryRealmInfoDao.swift in Sources */ = {isa = PBXBuildFile; fileRef = 3667408B29F6C4C4004E2206 /* HistoryRealmInfoDao.swift */; };
		3667409329F6C507004E2206 /* SQLiteHelper.swift in Sources */ = {isa = PBXBuildFile; fileRef = 3667409129F6C506004E2206 /* SQLiteHelper.swift */; };
		3667409429F6C507004E2206 /* HistorySQLiteInfoDao.swift in Sources */ = {isa = PBXBuildFile; fileRef = 3667409229F6C507004E2206 /* HistorySQLiteInfoDao.swift */; };
		3667409729F6C548004E2206 /* Repository.swift in Sources */ = {isa = PBXBuildFile; fileRef = 3667409629F6C548004E2206 /* Repository.swift */; };
		3667409929F6C569004E2206 /* RepositoryHistoryInfoModel.swift in Sources */ = {isa = PBXBuildFile; fileRef = 3667409829F6C569004E2206 /* RepositoryHistoryInfoModel.swift */; };
		3667409B29F6C594004E2206 /* Settings.swift in Sources */ = {isa = PBXBuildFile; fileRef = 3667409A29F6C594004E2206 /* Settings.swift */; };
		3667409D29F74E32004E2206 /* VerticallyScreenViewController.swift in Sources */ = {isa = PBXBuildFile; fileRef = 3667409C29F74E32004E2206 /* VerticallyScreenViewController.swift */; };
		3667409F29F74E59004E2206 /* ZundamonManager.swift in Sources */ = {isa = PBXBuildFile; fileRef = 3667409E29F74E59004E2206 /* ZundamonManager.swift */; };
		366740A129F74F90004E2206 /* ResultViewController.swift in Sources */ = {isa = PBXBuildFile; fileRef = 366740A029F74F90004E2206 /* ResultViewController.swift */; };
		366740A329F74FB6004E2206 /* ResultListViewController.swift in Sources */ = {isa = PBXBuildFile; fileRef = 366740A229F74FB5004E2206 /* ResultListViewController.swift */; };
		366740A529F74FDB004E2206 /* ResultListTableViewCell.swift in Sources */ = {isa = PBXBuildFile; fileRef = 366740A429F74FDB004E2206 /* ResultListTableViewCell.swift */; };
		366740A729F74FEA004E2206 /* ResultListTableViewCell.xib in Resources */ = {isa = PBXBuildFile; fileRef = 366740A629F74FEA004E2206 /* ResultListTableViewCell.xib */; };
		366740A929F75007004E2206 /* ResultTableViewCell.xib in Resources */ = {isa = PBXBuildFile; fileRef = 366740A829F75007004E2206 /* ResultTableViewCell.xib */; };
		366740AB29F7500E004E2206 /* ResultTableViewCell.swift in Sources */ = {isa = PBXBuildFile; fileRef = 366740AA29F7500E004E2206 /* ResultTableViewCell.swift */; };
		366740AD29F75051004E2206 /* ResultDetailViewController.swift in Sources */ = {isa = PBXBuildFile; fileRef = 366740AC29F75051004E2206 /* ResultDetailViewController.swift */; };
		366740AF29F750B2004E2206 /* ResultScreen.storyboard in Resources */ = {isa = PBXBuildFile; fileRef = 366740AE29F750B2004E2206 /* ResultScreen.storyboard */; };
		366740B129F750B8004E2206 /* ResultDetailScreen.storyboard in Resources */ = {isa = PBXBuildFile; fileRef = 366740B029F750B8004E2206 /* ResultDetailScreen.storyboard */; };
		366740B329F750BD004E2206 /* ResultListScreen.storyboard in Resources */ = {isa = PBXBuildFile; fileRef = 366740B229F750BD004E2206 /* ResultListScreen.storyboard */; };
		366740BA29F75212004E2206 /* MockService.swift in Sources */ = {isa = PBXBuildFile; fileRef = 366740B529F75212004E2206 /* MockService.swift */; };
		366740BB29F75212004E2206 /* QuizData+mock.swift in Sources */ = {isa = PBXBuildFile; fileRef = 366740B629F75212004E2206 /* QuizData+mock.swift */; };
		366740BC29F75212004E2206 /* Answers+mock.swift in Sources */ = {isa = PBXBuildFile; fileRef = 366740B729F75212004E2206 /* Answers+mock.swift */; };
		366740BD29F75212004E2206 /* CorrectAnswers+mock.swift in Sources */ = {isa = PBXBuildFile; fileRef = 366740B829F75212004E2206 /* CorrectAnswers+mock.swift */; };
		366740BE29F75212004E2206 /* DummyError.swift in Sources */ = {isa = PBXBuildFile; fileRef = 366740B929F75212004E2206 /* DummyError.swift */; };
		366740C329F75245004E2206 /* HistoryInfoModel+mock.swift in Sources */ = {isa = PBXBuildFile; fileRef = 366740C029F75245004E2206 /* HistoryInfoModel+mock.swift */; };
		366740C429F75245004E2206 /* MockRepository.swift in Sources */ = {isa = PBXBuildFile; fileRef = 366740C129F75245004E2206 /* MockRepository.swift */; };
		366740C529F75245004E2206 /* Problem+mock.swift in Sources */ = {isa = PBXBuildFile; fileRef = 366740C229F75245004E2206 /* Problem+mock.swift */; };
		6C26665A999060EF7137742F /* Pods_QuizProjectInUIKitTests.framework in Frameworks */ = {isa = PBXBuildFile; fileRef = AAFB2E5BC7CAD7991C0135CC /* Pods_QuizProjectInUIKitTests.framework */; };
		8BD6A1128A40FACE17DE5F6F /* Pods_QuizProjectInUIKit_QuizProjectInUIKitUITests.framework in Frameworks */ = {isa = PBXBuildFile; fileRef = 1B06C439D8BC3DFE18B65852 /* Pods_QuizProjectInUIKit_QuizProjectInUIKitUITests.framework */; };
		D650245FA11F0924AD6CB2B9 /* Pods_QuizProjectInUIKit.framework in Frameworks */ = {isa = PBXBuildFile; fileRef = 2A710328F9AB861861C6D1E1 /* Pods_QuizProjectInUIKit.framework */; };
/* End PBXBuildFile section */

/* Begin PBXContainerItemProxy section */
		3631327F29F520BF0093BE38 /* PBXContainerItemProxy */ = {
			isa = PBXContainerItemProxy;
			containerPortal = 3631326029F520BE0093BE38 /* Project object */;
			proxyType = 1;
			remoteGlobalIDString = 3631326729F520BE0093BE38;
			remoteInfo = QuizProjectInUIKit;
		};
		3631328929F520BF0093BE38 /* PBXContainerItemProxy */ = {
			isa = PBXContainerItemProxy;
			containerPortal = 3631326029F520BE0093BE38 /* Project object */;
			proxyType = 1;
			remoteGlobalIDString = 3631326729F520BE0093BE38;
			remoteInfo = QuizProjectInUIKit;
		};
/* End PBXContainerItemProxy section */

/* Begin PBXFileReference section */
		1B06C439D8BC3DFE18B65852 /* Pods_QuizProjectInUIKit_QuizProjectInUIKitUITests.framework */ = {isa = PBXFileReference; explicitFileType = wrapper.framework; includeInIndex = 0; path = Pods_QuizProjectInUIKit_QuizProjectInUIKitUITests.framework; sourceTree = BUILT_PRODUCTS_DIR; };
		2A710328F9AB861861C6D1E1 /* Pods_QuizProjectInUIKit.framework */ = {isa = PBXFileReference; explicitFileType = wrapper.framework; includeInIndex = 0; path = Pods_QuizProjectInUIKit.framework; sourceTree = BUILT_PRODUCTS_DIR; };
		3191425B2288624F04216D52 /* Pods-QuizProjectInUIKit.release.xcconfig */ = {isa = PBXFileReference; includeInIndex = 1; lastKnownFileType = text.xcconfig; name = "Pods-QuizProjectInUIKit.release.xcconfig"; path = "Target Support Files/Pods-QuizProjectInUIKit/Pods-QuizProjectInUIKit.release.xcconfig"; sourceTree = "<group>"; };
		3631326829F520BE0093BE38 /* QuizProjectInUIKit.app */ = {isa = PBXFileReference; explicitFileType = wrapper.application; includeInIndex = 0; path = QuizProjectInUIKit.app; sourceTree = BUILT_PRODUCTS_DIR; };
		3631326B29F520BE0093BE38 /* AppDelegate.swift */ = {isa = PBXFileReference; lastKnownFileType = sourcecode.swift; path = AppDelegate.swift; sourceTree = "<group>"; };
		3631326D29F520BE0093BE38 /* SceneDelegate.swift */ = {isa = PBXFileReference; lastKnownFileType = sourcecode.swift; path = SceneDelegate.swift; sourceTree = "<group>"; };
		3631327429F520BF0093BE38 /* Assets.xcassets */ = {isa = PBXFileReference; lastKnownFileType = folder.assetcatalog; path = Assets.xcassets; sourceTree = "<group>"; };
		3631327729F520BF0093BE38 /* Base */ = {isa = PBXFileReference; lastKnownFileType = file.storyboard; name = Base; path = Base.lproj/LaunchScreen.storyboard; sourceTree = "<group>"; };
		3631327929F520BF0093BE38 /* Info.plist */ = {isa = PBXFileReference; lastKnownFileType = text.plist.xml; path = Info.plist; sourceTree = "<group>"; };
		3631327E29F520BF0093BE38 /* QuizProjectInUIKitTests.xctest */ = {isa = PBXFileReference; explicitFileType = wrapper.cfbundle; includeInIndex = 0; path = QuizProjectInUIKitTests.xctest; sourceTree = BUILT_PRODUCTS_DIR; };
		3631328229F520BF0093BE38 /* QuizProjectInUIKitTests.swift */ = {isa = PBXFileReference; lastKnownFileType = sourcecode.swift; path = QuizProjectInUIKitTests.swift; sourceTree = "<group>"; };
		3631328829F520BF0093BE38 /* QuizProjectInUIKitUITests.xctest */ = {isa = PBXFileReference; explicitFileType = wrapper.cfbundle; includeInIndex = 0; path = QuizProjectInUIKitUITests.xctest; sourceTree = BUILT_PRODUCTS_DIR; };
		3631328C29F520BF0093BE38 /* QuizProjectInUIKitUITests.swift */ = {isa = PBXFileReference; lastKnownFileType = sourcecode.swift; path = QuizProjectInUIKitUITests.swift; sourceTree = "<group>"; };
		3631328E29F520BF0093BE38 /* QuizProjectInUIKitUITestsLaunchTests.swift */ = {isa = PBXFileReference; lastKnownFileType = sourcecode.swift; path = QuizProjectInUIKitUITestsLaunchTests.swift; sourceTree = "<group>"; };
		36673FE429F52BAB004E2206 /* Constants.swift */ = {isa = PBXFileReference; fileEncoding = 4; lastKnownFileType = sourcecode.swift; path = Constants.swift; sourceTree = "<group>"; };
		36673FE629F52BE1004E2206 /* TopViewController.swift */ = {isa = PBXFileReference; lastKnownFileType = sourcecode.swift; path = TopViewController.swift; sourceTree = "<group>"; };
		36673FE829F52CF7004E2206 /* TopScreeen.storyboard */ = {isa = PBXFileReference; fileEncoding = 4; lastKnownFileType = file.storyboard; path = TopScreeen.storyboard; sourceTree = "<group>"; };
		36673FEC29F52E0C004E2206 /* nicomoji-plus_v2.ttf */ = {isa = PBXFileReference; lastKnownFileType = file; path = "nicomoji-plus_v2.ttf"; sourceTree = "<group>"; };
		36673FF129F52E79004E2206 /* AnimateImageModel.swift */ = {isa = PBXFileReference; lastKnownFileType = sourcecode.swift; path = AnimateImageModel.swift; sourceTree = "<group>"; };
		36673FF429F52EE5004E2206 /* UIImage-Extension.swift */ = {isa = PBXFileReference; lastKnownFileType = sourcecode.swift; path = "UIImage-Extension.swift"; sourceTree = "<group>"; };
		36673FF629F5548C004E2206 /* UserDefault-Extension.swift */ = {isa = PBXFileReference; fileEncoding = 4; lastKnownFileType = sourcecode.swift; path = "UserDefault-Extension.swift"; sourceTree = "<group>"; };
		36673FF829F554C8004E2206 /* UIViewController-Extension.swift */ = {isa = PBXFileReference; fileEncoding = 4; lastKnownFileType = sourcecode.swift; path = "UIViewController-Extension.swift"; sourceTree = "<group>"; };
		36673FFA29F55512004E2206 /* Player.swift */ = {isa = PBXFileReference; fileEncoding = 4; lastKnownFileType = sourcecode.swift; path = Player.swift; sourceTree = "<group>"; };
		36673FFC29F5552F004E2206 /* PlayerBrain.swift */ = {isa = PBXFileReference; fileEncoding = 4; lastKnownFileType = sourcecode.swift; path = PlayerBrain.swift; sourceTree = "<group>"; };
		3667402329F5557E004E2206 /* UIAlertController-Extension.swift */ = {isa = PBXFileReference; fileEncoding = 4; lastKnownFileType = sourcecode.swift; path = "UIAlertController-Extension.swift"; sourceTree = "<group>"; };
		3667402529F5572A004E2206 /* Shall_we_meet?BGM.mp3 */ = {isa = PBXFileReference; lastKnownFileType = audio.mp3; path = "Shall_we_meet?BGM.mp3"; sourceTree = "<group>"; };
		3667402629F5572A004E2206 /* えええ、、勉強するのだ.mp3 */ = {isa = PBXFileReference; lastKnownFileType = audio.mp3; path = "えええ、、勉強するのだ.mp3"; sourceTree = "<group>"; };
		3667402729F5572A004E2206 /* 不正解なのだ.mp3 */ = {isa = PBXFileReference; lastKnownFileType = audio.mp3; path = "不正解なのだ.mp3"; sourceTree = "<group>"; };
		3667402829F5572A004E2206 /* ButtonTap1.mp3 */ = {isa = PBXFileReference; lastKnownFileType = audio.mp3; path = ButtonTap1.mp3; sourceTree = "<group>"; };
		3667402929F5572A004E2206 /* syuwasyuwaBGM.mp3 */ = {isa = PBXFileReference; lastKnownFileType = audio.mp3; path = syuwasyuwaBGM.mp3; sourceTree = "<group>"; };
		3667402A29F5572A004E2206 /* SunriseBGM.mp3 */ = {isa = PBXFileReference; lastKnownFileType = audio.mp3; path = SunriseBGM.mp3; sourceTree = "<group>"; };
		3667402B29F5572A004E2206 /* もう少し頑張るのだ、ファイトなのだ.mp3 */ = {isa = PBXFileReference; lastKnownFileType = audio.mp3; path = "もう少し頑張るのだ、ファイトなのだ.mp3"; sourceTree = "<group>"; };
		3667402C29F5572A004E2206 /* まずまずなのだ、次は満点目指すのだ.mp3 */ = {isa = PBXFileReference; lastKnownFileType = audio.mp3; path = "まずまずなのだ、次は満点目指すのだ.mp3"; sourceTree = "<group>"; };
		3667402D29F5572B004E2206 /* NotSelect.mp3 */ = {isa = PBXFileReference; lastKnownFileType = audio.mp3; path = NotSelect.mp3; sourceTree = "<group>"; };
		3667402E29F5572B004E2206 /* ジャンルを選択するのだ.mp3 */ = {isa = PBXFileReference; lastKnownFileType = audio.mp3; path = "ジャンルを選択するのだ.mp3"; sourceTree = "<group>"; };
		3667402F29F5572B004E2206 /* AnswerSelect.mp3 */ = {isa = PBXFileReference; lastKnownFileType = audio.mp3; path = AnswerSelect.mp3; sourceTree = "<group>"; };
		3667403029F5572B004E2206 /* すごいのだ、天才なのだ.mp3 */ = {isa = PBXFileReference; lastKnownFileType = audio.mp3; path = "すごいのだ、天才なのだ.mp3"; sourceTree = "<group>"; };
		3667403129F5572B004E2206 /* 残念BGM.mp3 */ = {isa = PBXFileReference; lastKnownFileType = audio.mp3; path = "残念BGM.mp3"; sourceTree = "<group>"; };
		3667403229F5572B004E2206 /* Dance_With_PowderBGM.mp3 */ = {isa = PBXFileReference; lastKnownFileType = audio.mp3; path = Dance_With_PowderBGM.mp3; sourceTree = "<group>"; };
		3667403329F5572B004E2206 /* 次は頑張るのだ、応援してるのだ.mp3 */ = {isa = PBXFileReference; lastKnownFileType = audio.mp3; path = "次は頑張るのだ、応援してるのだ.mp3"; sourceTree = "<group>"; };
		3667403429F5572B004E2206 /* 終了なのだ.mp3 */ = {isa = PBXFileReference; lastKnownFileType = audio.mp3; path = "終了なのだ.mp3"; sourceTree = "<group>"; };
		3667403529F5572B004E2206 /* 春のキッチンBGM.mp3 */ = {isa = PBXFileReference; lastKnownFileType = audio.mp3; path = "春のキッチンBGM.mp3"; sourceTree = "<group>"; };
		3667403629F5572B004E2206 /* 正解なのだ.mp3 */ = {isa = PBXFileReference; lastKnownFileType = audio.mp3; path = "正解なのだ.mp3"; sourceTree = "<group>"; };
		3667404929F557B0004E2206 /* GenreSelectScreen.storyboard */ = {isa = PBXFileReference; fileEncoding = 4; lastKnownFileType = file.storyboard; path = GenreSelectScreen.storyboard; sourceTree = "<group>"; };
		3667404B29F55804004E2206 /* GenreSelectViewController.swift */ = {isa = PBXFileReference; fileEncoding = 4; lastKnownFileType = sourcecode.swift; path = GenreSelectViewController.swift; sourceTree = "<group>"; };
		3667404E29F55845004E2206 /* GenreBrain.swift */ = {isa = PBXFileReference; fileEncoding = 4; lastKnownFileType = sourcecode.swift; path = GenreBrain.swift; sourceTree = "<group>"; };
		3667405229F55935004E2206 /* ServiceManager.swift */ = {isa = PBXFileReference; fileEncoding = 4; lastKnownFileType = sourcecode.swift; path = ServiceManager.swift; sourceTree = "<group>"; };
		3667405429F5594B004E2206 /* ServiceAPIClient.swift */ = {isa = PBXFileReference; fileEncoding = 4; lastKnownFileType = sourcecode.swift; path = ServiceAPIClient.swift; sourceTree = "<group>"; };
		3667405729F559A1004E2206 /* Service.swift */ = {isa = PBXFileReference; fileEncoding = 4; lastKnownFileType = sourcecode.swift; path = Service.swift; sourceTree = "<group>"; };
		3667405A29F559CE004E2206 /* QuizData.swift */ = {isa = PBXFileReference; fileEncoding = 4; lastKnownFileType = sourcecode.swift; path = QuizData.swift; sourceTree = "<group>"; };
		3667405C29F55A12004E2206 /* ServiceData.swift */ = {isa = PBXFileReference; fileEncoding = 4; lastKnownFileType = sourcecode.swift; path = ServiceData.swift; sourceTree = "<group>"; };
		3667405E29F55A53004E2206 /* String-Extension.swift */ = {isa = PBXFileReference; fileEncoding = 4; lastKnownFileType = sourcecode.swift; path = "String-Extension.swift"; sourceTree = "<group>"; };
		3667406129F55AB6004E2206 /* GenreSelectTableViewCell.swift */ = {isa = PBXFileReference; fileEncoding = 4; lastKnownFileType = sourcecode.swift; path = GenreSelectTableViewCell.swift; sourceTree = "<group>"; };
		3667406429F55AD7004E2206 /* GenreSelectTableViewCell.xib */ = {isa = PBXFileReference; fileEncoding = 4; lastKnownFileType = file.xib; path = GenreSelectTableViewCell.xib; sourceTree = "<group>"; };
		3667406629F5FA9E004E2206 /* ProblemChallengeViewController.swift */ = {isa = PBXFileReference; fileEncoding = 4; lastKnownFileType = sourcecode.swift; path = ProblemChallengeViewController.swift; sourceTree = "<group>"; };
		3667406829F5FAD8004E2206 /* ProblemChallengeScreen.storyboard */ = {isa = PBXFileReference; fileEncoding = 4; lastKnownFileType = file.storyboard; path = ProblemChallengeScreen.storyboard; sourceTree = "<group>"; };
		3667406A29F6C234004E2206 /* QuizBrain.swift */ = {isa = PBXFileReference; fileEncoding = 4; lastKnownFileType = sourcecode.swift; path = QuizBrain.swift; sourceTree = "<group>"; };
		3667406D29F6C286004E2206 /* HistoryInfoModel.swift */ = {isa = PBXFileReference; fileEncoding = 4; lastKnownFileType = sourcecode.swift; path = HistoryInfoModel.swift; sourceTree = "<group>"; };
		3667407029F6C2D1004E2206 /* HistoryInfoRealmModel.swift */ = {isa = PBXFileReference; fileEncoding = 4; lastKnownFileType = sourcecode.swift; path = HistoryInfoRealmModel.swift; sourceTree = "<group>"; };
		3667407229F6C2E9004E2206 /* BaseRealmModel.swift */ = {isa = PBXFileReference; fileEncoding = 4; lastKnownFileType = sourcecode.swift; path = BaseRealmModel.swift; sourceTree = "<group>"; };
		3667407429F6C31E004E2206 /* Date-Extension.swift */ = {isa = PBXFileReference; fileEncoding = 4; lastKnownFileType = sourcecode.swift; path = "Date-Extension.swift"; sourceTree = "<group>"; };
		3667407629F6C33A004E2206 /* DateFormatter-Extension.swift */ = {isa = PBXFileReference; fileEncoding = 4; lastKnownFileType = sourcecode.swift; path = "DateFormatter-Extension.swift"; sourceTree = "<group>"; };
		3667407929F6C386004E2206 /* HistoryInfoTable.swift */ = {isa = PBXFileReference; fileEncoding = 4; lastKnownFileType = sourcecode.swift; path = HistoryInfoTable.swift; sourceTree = "<group>"; };
		3667407B29F6C3B1004E2206 /* ProblemChallengeTableViewCell.swift */ = {isa = PBXFileReference; fileEncoding = 4; lastKnownFileType = sourcecode.swift; path = ProblemChallengeTableViewCell.swift; sourceTree = "<group>"; };
		3667407D29F6C3C2004E2206 /* ProblemChallengeTableViewCell.xib */ = {isa = PBXFileReference; fileEncoding = 4; lastKnownFileType = file.xib; path = ProblemChallengeTableViewCell.xib; sourceTree = "<group>"; };
		3667408029F6C3E8004E2206 /* ShadowView.swift */ = {isa = PBXFileReference; fileEncoding = 4; lastKnownFileType = sourcecode.swift; path = ShadowView.swift; sourceTree = "<group>"; };
		3667408229F6C417004E2206 /* UIColor-Extension.swift */ = {isa = PBXFileReference; fileEncoding = 4; lastKnownFileType = sourcecode.swift; path = "UIColor-Extension.swift"; sourceTree = "<group>"; };
		3667408529F6C47E004E2206 /* RepositoryManager.swift */ = {isa = PBXFileReference; fileEncoding = 4; lastKnownFileType = sourcecode.swift; path = RepositoryManager.swift; sourceTree = "<group>"; };
		3667408A29F6C4C4004E2206 /* BaseRealmDao.swift */ = {isa = PBXFileReference; fileEncoding = 4; lastKnownFileType = sourcecode.swift; path = BaseRealmDao.swift; sourceTree = "<group>"; };
		3667408B29F6C4C4004E2206 /* HistoryRealmInfoDao.swift */ = {isa = PBXFileReference; fileEncoding = 4; lastKnownFileType = sourcecode.swift; path = HistoryRealmInfoDao.swift; sourceTree = "<group>"; };
		3667409129F6C506004E2206 /* SQLiteHelper.swift */ = {isa = PBXFileReference; fileEncoding = 4; lastKnownFileType = sourcecode.swift; path = SQLiteHelper.swift; sourceTree = "<group>"; };
		3667409229F6C507004E2206 /* HistorySQLiteInfoDao.swift */ = {isa = PBXFileReference; fileEncoding = 4; lastKnownFileType = sourcecode.swift; path = HistorySQLiteInfoDao.swift; sourceTree = "<group>"; };
		3667409629F6C548004E2206 /* Repository.swift */ = {isa = PBXFileReference; fileEncoding = 4; lastKnownFileType = sourcecode.swift; path = Repository.swift; sourceTree = "<group>"; };
		3667409829F6C569004E2206 /* RepositoryHistoryInfoModel.swift */ = {isa = PBXFileReference; fileEncoding = 4; lastKnownFileType = sourcecode.swift; path = RepositoryHistoryInfoModel.swift; sourceTree = "<group>"; };
		3667409A29F6C594004E2206 /* Settings.swift */ = {isa = PBXFileReference; fileEncoding = 4; lastKnownFileType = sourcecode.swift; path = Settings.swift; sourceTree = "<group>"; };
		3667409C29F74E32004E2206 /* VerticallyScreenViewController.swift */ = {isa = PBXFileReference; fileEncoding = 4; lastKnownFileType = sourcecode.swift; path = VerticallyScreenViewController.swift; sourceTree = "<group>"; };
		3667409E29F74E59004E2206 /* ZundamonManager.swift */ = {isa = PBXFileReference; fileEncoding = 4; lastKnownFileType = sourcecode.swift; path = ZundamonManager.swift; sourceTree = "<group>"; };
		366740A029F74F90004E2206 /* ResultViewController.swift */ = {isa = PBXFileReference; fileEncoding = 4; lastKnownFileType = sourcecode.swift; path = ResultViewController.swift; sourceTree = "<group>"; };
		366740A229F74FB5004E2206 /* ResultListViewController.swift */ = {isa = PBXFileReference; fileEncoding = 4; lastKnownFileType = sourcecode.swift; path = ResultListViewController.swift; sourceTree = "<group>"; };
		366740A429F74FDB004E2206 /* ResultListTableViewCell.swift */ = {isa = PBXFileReference; fileEncoding = 4; lastKnownFileType = sourcecode.swift; path = ResultListTableViewCell.swift; sourceTree = "<group>"; };
		366740A629F74FEA004E2206 /* ResultListTableViewCell.xib */ = {isa = PBXFileReference; fileEncoding = 4; lastKnownFileType = file.xib; path = ResultListTableViewCell.xib; sourceTree = "<group>"; };
		366740A829F75007004E2206 /* ResultTableViewCell.xib */ = {isa = PBXFileReference; fileEncoding = 4; lastKnownFileType = file.xib; path = ResultTableViewCell.xib; sourceTree = "<group>"; };
		366740AA29F7500E004E2206 /* ResultTableViewCell.swift */ = {isa = PBXFileReference; fileEncoding = 4; lastKnownFileType = sourcecode.swift; path = ResultTableViewCell.swift; sourceTree = "<group>"; };
		366740AC29F75051004E2206 /* ResultDetailViewController.swift */ = {isa = PBXFileReference; fileEncoding = 4; lastKnownFileType = sourcecode.swift; path = ResultDetailViewController.swift; sourceTree = "<group>"; };
		366740AE29F750B2004E2206 /* ResultScreen.storyboard */ = {isa = PBXFileReference; fileEncoding = 4; lastKnownFileType = file.storyboard; path = ResultScreen.storyboard; sourceTree = "<group>"; };
		366740B029F750B8004E2206 /* ResultDetailScreen.storyboard */ = {isa = PBXFileReference; fileEncoding = 4; lastKnownFileType = file.storyboard; path = ResultDetailScreen.storyboard; sourceTree = "<group>"; };
		366740B229F750BD004E2206 /* ResultListScreen.storyboard */ = {isa = PBXFileReference; fileEncoding = 4; lastKnownFileType = file.storyboard; path = ResultListScreen.storyboard; sourceTree = "<group>"; };
		366740B529F75212004E2206 /* MockService.swift */ = {isa = PBXFileReference; fileEncoding = 4; lastKnownFileType = sourcecode.swift; path = MockService.swift; sourceTree = "<group>"; };
		366740B629F75212004E2206 /* QuizData+mock.swift */ = {isa = PBXFileReference; fileEncoding = 4; lastKnownFileType = sourcecode.swift; path = "QuizData+mock.swift"; sourceTree = "<group>"; };
		366740B729F75212004E2206 /* Answers+mock.swift */ = {isa = PBXFileReference; fileEncoding = 4; lastKnownFileType = sourcecode.swift; path = "Answers+mock.swift"; sourceTree = "<group>"; };
		366740B829F75212004E2206 /* CorrectAnswers+mock.swift */ = {isa = PBXFileReference; fileEncoding = 4; lastKnownFileType = sourcecode.swift; path = "CorrectAnswers+mock.swift"; sourceTree = "<group>"; };
		366740B929F75212004E2206 /* DummyError.swift */ = {isa = PBXFileReference; fileEncoding = 4; lastKnownFileType = sourcecode.swift; path = DummyError.swift; sourceTree = "<group>"; };
		366740C029F75245004E2206 /* HistoryInfoModel+mock.swift */ = {isa = PBXFileReference; fileEncoding = 4; lastKnownFileType = sourcecode.swift; path = "HistoryInfoModel+mock.swift"; sourceTree = "<group>"; };
		366740C129F75245004E2206 /* MockRepository.swift */ = {isa = PBXFileReference; fileEncoding = 4; lastKnownFileType = sourcecode.swift; path = MockRepository.swift; sourceTree = "<group>"; };
		366740C229F75245004E2206 /* Problem+mock.swift */ = {isa = PBXFileReference; fileEncoding = 4; lastKnownFileType = sourcecode.swift; path = "Problem+mock.swift"; sourceTree = "<group>"; };
		6F35002DC615616AF14EF08C /* Pods-QuizProjectInUIKitTests.debug.xcconfig */ = {isa = PBXFileReference; includeInIndex = 1; lastKnownFileType = text.xcconfig; name = "Pods-QuizProjectInUIKitTests.debug.xcconfig"; path = "Target Support Files/Pods-QuizProjectInUIKitTests/Pods-QuizProjectInUIKitTests.debug.xcconfig"; sourceTree = "<group>"; };
		742B6253280C106E66DA2EFE /* Pods-QuizProjectInUIKit-QuizProjectInUIKitUITests.release.xcconfig */ = {isa = PBXFileReference; includeInIndex = 1; lastKnownFileType = text.xcconfig; name = "Pods-QuizProjectInUIKit-QuizProjectInUIKitUITests.release.xcconfig"; path = "Target Support Files/Pods-QuizProjectInUIKit-QuizProjectInUIKitUITests/Pods-QuizProjectInUIKit-QuizProjectInUIKitUITests.release.xcconfig"; sourceTree = "<group>"; };
		87D34960FBB71683BBF0ACEA /* Pods-QuizProjectInUIKit-QuizProjectInUIKitUITests.debug.xcconfig */ = {isa = PBXFileReference; includeInIndex = 1; lastKnownFileType = text.xcconfig; name = "Pods-QuizProjectInUIKit-QuizProjectInUIKitUITests.debug.xcconfig"; path = "Target Support Files/Pods-QuizProjectInUIKit-QuizProjectInUIKitUITests/Pods-QuizProjectInUIKit-QuizProjectInUIKitUITests.debug.xcconfig"; sourceTree = "<group>"; };
		AAFB2E5BC7CAD7991C0135CC /* Pods_QuizProjectInUIKitTests.framework */ = {isa = PBXFileReference; explicitFileType = wrapper.framework; includeInIndex = 0; path = Pods_QuizProjectInUIKitTests.framework; sourceTree = BUILT_PRODUCTS_DIR; };
		E3665849C5486233355729F8 /* Pods-QuizProjectInUIKitTests.release.xcconfig */ = {isa = PBXFileReference; includeInIndex = 1; lastKnownFileType = text.xcconfig; name = "Pods-QuizProjectInUIKitTests.release.xcconfig"; path = "Target Support Files/Pods-QuizProjectInUIKitTests/Pods-QuizProjectInUIKitTests.release.xcconfig"; sourceTree = "<group>"; };
		F3BC1F5D3E206F7AAF525CE7 /* Pods-QuizProjectInUIKit.debug.xcconfig */ = {isa = PBXFileReference; includeInIndex = 1; lastKnownFileType = text.xcconfig; name = "Pods-QuizProjectInUIKit.debug.xcconfig"; path = "Target Support Files/Pods-QuizProjectInUIKit/Pods-QuizProjectInUIKit.debug.xcconfig"; sourceTree = "<group>"; };
/* End PBXFileReference section */

/* Begin PBXFrameworksBuildPhase section */
		3631326529F520BE0093BE38 /* Frameworks */ = {
			isa = PBXFrameworksBuildPhase;
			buildActionMask = 2147483647;
			files = (
				36673FDC29F5279A004E2206 /* RealmSwift in Frameworks */,
				D650245FA11F0924AD6CB2B9 /* Pods_QuizProjectInUIKit.framework in Frameworks */,
			);
			runOnlyForDeploymentPostprocessing = 0;
		};
		3631327B29F520BF0093BE38 /* Frameworks */ = {
			isa = PBXFrameworksBuildPhase;
			buildActionMask = 2147483647;
			files = (
				6C26665A999060EF7137742F /* Pods_QuizProjectInUIKitTests.framework in Frameworks */,
			);
			runOnlyForDeploymentPostprocessing = 0;
		};
		3631328529F520BF0093BE38 /* Frameworks */ = {
			isa = PBXFrameworksBuildPhase;
			buildActionMask = 2147483647;
			files = (
				8BD6A1128A40FACE17DE5F6F /* Pods_QuizProjectInUIKit_QuizProjectInUIKitUITests.framework in Frameworks */,
			);
			runOnlyForDeploymentPostprocessing = 0;
		};
/* End PBXFrameworksBuildPhase section */

/* Begin PBXGroup section */
		3631325F29F520BE0093BE38 = {
			isa = PBXGroup;
			children = (
				3631326A29F520BE0093BE38 /* QuizProjectInUIKit */,
				3631328129F520BF0093BE38 /* QuizProjectInUIKitTests */,
				3631328B29F520BF0093BE38 /* QuizProjectInUIKitUITests */,
				3631326929F520BE0093BE38 /* Products */,
				B6D06C708113550B42C509E5 /* Pods */,
				4D262E4E3174C783B99962E0 /* Frameworks */,
			);
			sourceTree = "<group>";
		};
		3631326929F520BE0093BE38 /* Products */ = {
			isa = PBXGroup;
			children = (
				3631326829F520BE0093BE38 /* QuizProjectInUIKit.app */,
				3631327E29F520BF0093BE38 /* QuizProjectInUIKitTests.xctest */,
				3631328829F520BF0093BE38 /* QuizProjectInUIKitUITests.xctest */,
			);
			name = Products;
			sourceTree = "<group>";
		};
		3631326A29F520BE0093BE38 /* QuizProjectInUIKit */ = {
			isa = PBXGroup;
			children = (
				3631326B29F520BE0093BE38 /* AppDelegate.swift */,
				3631326D29F520BE0093BE38 /* SceneDelegate.swift */,
				3667405029F5590E004E2206 /* Network */,
				36673FF329F52EB5004E2206 /* Extensions */,
				3667409529F6C53A004E2206 /* Protocols */,
				36673FE329F52B9C004E2206 /* Utils */,
				3667408429F6C45C004E2206 /* DataBase */,
				36673FEE29F52E44004E2206 /* Model */,
				3667407F29F6C3DB004E2206 /* Views */,
				36673FE029F52A37004E2206 /* ViewControllers */,
				3667406029F55A7F004E2206 /* Cells */,
				3667406329F55ACA004E2206 /* Xibs */,
				36673FDD29F529F1004E2206 /* Storyboards */,
				3631327629F520BF0093BE38 /* LaunchScreen.storyboard */,
				36673FEA29F52DEA004E2206 /* Resource */,
				366740B429F751F9004E2206 /* Mock */,
				3631327929F520BF0093BE38 /* Info.plist */,
			);
			path = QuizProjectInUIKit;
			sourceTree = "<group>";
		};
		3631328129F520BF0093BE38 /* QuizProjectInUIKitTests */ = {
			isa = PBXGroup;
			children = (
				3631328229F520BF0093BE38 /* QuizProjectInUIKitTests.swift */,
			);
			path = QuizProjectInUIKitTests;
			sourceTree = "<group>";
		};
		3631328B29F520BF0093BE38 /* QuizProjectInUIKitUITests */ = {
			isa = PBXGroup;
			children = (
				3631328C29F520BF0093BE38 /* QuizProjectInUIKitUITests.swift */,
				3631328E29F520BF0093BE38 /* QuizProjectInUIKitUITestsLaunchTests.swift */,
			);
			path = QuizProjectInUIKitUITests;
			sourceTree = "<group>";
		};
		36673FDD29F529F1004E2206 /* Storyboards */ = {
			isa = PBXGroup;
			children = (
				36673FE829F52CF7004E2206 /* TopScreeen.storyboard */,
				3667404929F557B0004E2206 /* GenreSelectScreen.storyboard */,
				3667406829F5FAD8004E2206 /* ProblemChallengeScreen.storyboard */,
				366740AE29F750B2004E2206 /* ResultScreen.storyboard */,
				366740B029F750B8004E2206 /* ResultDetailScreen.storyboard */,
				366740B229F750BD004E2206 /* ResultListScreen.storyboard */,
			);
			path = Storyboards;
			sourceTree = "<group>";
		};
		36673FE029F52A37004E2206 /* ViewControllers */ = {
			isa = PBXGroup;
			children = (
				36673FE629F52BE1004E2206 /* TopViewController.swift */,
				3667404B29F55804004E2206 /* GenreSelectViewController.swift */,
				3667406629F5FA9E004E2206 /* ProblemChallengeViewController.swift */,
				366740A029F74F90004E2206 /* ResultViewController.swift */,
				366740A229F74FB5004E2206 /* ResultListViewController.swift */,
				366740AC29F75051004E2206 /* ResultDetailViewController.swift */,
				3667409C29F74E32004E2206 /* VerticallyScreenViewController.swift */,
			);
			path = ViewControllers;
			sourceTree = "<group>";
		};
		36673FE329F52B9C004E2206 /* Utils */ = {
			isa = PBXGroup;
			children = (
				36673FE429F52BAB004E2206 /* Constants.swift */,
				3667409A29F6C594004E2206 /* Settings.swift */,
			);
			path = Utils;
			sourceTree = "<group>";
		};
		36673FEA29F52DEA004E2206 /* Resource */ = {
			isa = PBXGroup;
			children = (
				36673FFE29F55549004E2206 /* Sound */,
				36673FEB29F52DFD004E2206 /* Fonts */,
				3631327429F520BF0093BE38 /* Assets.xcassets */,
			);
			path = Resource;
			sourceTree = "<group>";
		};
		36673FEB29F52DFD004E2206 /* Fonts */ = {
			isa = PBXGroup;
			children = (
				36673FEC29F52E0C004E2206 /* nicomoji-plus_v2.ttf */,
			);
			path = Fonts;
			sourceTree = "<group>";
		};
		36673FEE29F52E44004E2206 /* Model */ = {
			isa = PBXGroup;
			children = (
				3667405929F559C5004E2206 /* JSON */,
				3667404D29F55836004E2206 /* Brain */,
				3667406C29F6C277004E2206 /* DB */,
				3667406F29F6C2B7004E2206 /* Realm */,
				3667407829F6C375004E2206 /* SQLite */,
				36673FFA29F55512004E2206 /* Player.swift */,
				36673FFC29F5552F004E2206 /* PlayerBrain.swift */,
				36673FF129F52E79004E2206 /* AnimateImageModel.swift */,
				3667409829F6C569004E2206 /* RepositoryHistoryInfoModel.swift */,
				3667405C29F55A12004E2206 /* ServiceData.swift */,
				3667409E29F74E59004E2206 /* ZundamonManager.swift */,
			);
			path = Model;
			sourceTree = "<group>";
		};
		36673FF329F52EB5004E2206 /* Extensions */ = {
			isa = PBXGroup;
			children = (
				3667402329F5557E004E2206 /* UIAlertController-Extension.swift */,
				36673FF829F554C8004E2206 /* UIViewController-Extension.swift */,
				36673FF429F52EE5004E2206 /* UIImage-Extension.swift */,
				3667408229F6C417004E2206 /* UIColor-Extension.swift */,
				36673FF629F5548C004E2206 /* UserDefault-Extension.swift */,
				3667405E29F55A53004E2206 /* String-Extension.swift */,
				3667407629F6C33A004E2206 /* DateFormatter-Extension.swift */,
				3667407429F6C31E004E2206 /* Date-Extension.swift */,
			);
			path = Extensions;
			sourceTree = "<group>";
		};
		36673FFE29F55549004E2206 /* Sound */ = {
			isa = PBXGroup;
			children = (
				3667402F29F5572B004E2206 /* AnswerSelect.mp3 */,
				3667402829F5572A004E2206 /* ButtonTap1.mp3 */,
				3667403229F5572B004E2206 /* Dance_With_PowderBGM.mp3 */,
				3667402D29F5572B004E2206 /* NotSelect.mp3 */,
				3667402529F5572A004E2206 /* Shall_we_meet?BGM.mp3 */,
				3667402A29F5572A004E2206 /* SunriseBGM.mp3 */,
				3667402929F5572A004E2206 /* syuwasyuwaBGM.mp3 */,
				3667402629F5572A004E2206 /* えええ、、勉強するのだ.mp3 */,
				3667402E29F5572B004E2206 /* ジャンルを選択するのだ.mp3 */,
				3667403029F5572B004E2206 /* すごいのだ、天才なのだ.mp3 */,
				3667402C29F5572A004E2206 /* まずまずなのだ、次は満点目指すのだ.mp3 */,
				3667402B29F5572A004E2206 /* もう少し頑張るのだ、ファイトなのだ.mp3 */,
				3667403129F5572B004E2206 /* 残念BGM.mp3 */,
				3667403329F5572B004E2206 /* 次は頑張るのだ、応援してるのだ.mp3 */,
				3667403429F5572B004E2206 /* 終了なのだ.mp3 */,
				3667403529F5572B004E2206 /* 春のキッチンBGM.mp3 */,
				3667403629F5572B004E2206 /* 正解なのだ.mp3 */,
				3667402729F5572A004E2206 /* 不正解なのだ.mp3 */,
			);
			path = Sound;
			sourceTree = "<group>";
		};
		3667404D29F55836004E2206 /* Brain */ = {
			isa = PBXGroup;
			children = (
				3667404E29F55845004E2206 /* GenreBrain.swift */,
				3667406A29F6C234004E2206 /* QuizBrain.swift */,
			);
			path = Brain;
			sourceTree = "<group>";
		};
		3667405029F5590E004E2206 /* Network */ = {
			isa = PBXGroup;
			children = (
				3667405229F55935004E2206 /* ServiceManager.swift */,
				3667405129F55924004E2206 /* APIClients */,
			);
			path = Network;
			sourceTree = "<group>";
		};
		3667405129F55924004E2206 /* APIClients */ = {
			isa = PBXGroup;
			children = (
				3667405429F5594B004E2206 /* ServiceAPIClient.swift */,
			);
			path = APIClients;
			sourceTree = "<group>";
		};
		3667405929F559C5004E2206 /* JSON */ = {
			isa = PBXGroup;
			children = (
				3667405A29F559CE004E2206 /* QuizData.swift */,
			);
			path = JSON;
			sourceTree = "<group>";
		};
		3667406029F55A7F004E2206 /* Cells */ = {
			isa = PBXGroup;
			children = (
				3667406129F55AB6004E2206 /* GenreSelectTableViewCell.swift */,
				3667407B29F6C3B1004E2206 /* ProblemChallengeTableViewCell.swift */,
				366740AA29F7500E004E2206 /* ResultTableViewCell.swift */,
				366740A429F74FDB004E2206 /* ResultListTableViewCell.swift */,
			);
			path = Cells;
			sourceTree = "<group>";
		};
		3667406329F55ACA004E2206 /* Xibs */ = {
			isa = PBXGroup;
			children = (
				3667407D29F6C3C2004E2206 /* ProblemChallengeTableViewCell.xib */,
				3667406429F55AD7004E2206 /* GenreSelectTableViewCell.xib */,
				366740A829F75007004E2206 /* ResultTableViewCell.xib */,
				366740A629F74FEA004E2206 /* ResultListTableViewCell.xib */,
			);
			path = Xibs;
			sourceTree = "<group>";
		};
		3667406C29F6C277004E2206 /* DB */ = {
			isa = PBXGroup;
			children = (
				3667406D29F6C286004E2206 /* HistoryInfoModel.swift */,
			);
			path = DB;
			sourceTree = "<group>";
		};
		3667406F29F6C2B7004E2206 /* Realm */ = {
			isa = PBXGroup;
			children = (
				3667407229F6C2E9004E2206 /* BaseRealmModel.swift */,
				3667407029F6C2D1004E2206 /* HistoryInfoRealmModel.swift */,
			);
			path = Realm;
			sourceTree = "<group>";
		};
		3667407829F6C375004E2206 /* SQLite */ = {
			isa = PBXGroup;
			children = (
				3667407929F6C386004E2206 /* HistoryInfoTable.swift */,
			);
			path = SQLite;
			sourceTree = "<group>";
		};
		3667407F29F6C3DB004E2206 /* Views */ = {
			isa = PBXGroup;
			children = (
				3667408029F6C3E8004E2206 /* ShadowView.swift */,
			);
			path = Views;
			sourceTree = "<group>";
		};
		3667408429F6C45C004E2206 /* DataBase */ = {
			isa = PBXGroup;
			children = (
				3667408F29F6C4F6004E2206 /* SQLite */,
				3667408E29F6C4E5004E2206 /* Realm */,
				3667408529F6C47E004E2206 /* RepositoryManager.swift */,
			);
			path = DataBase;
			sourceTree = "<group>";
		};
		3667408929F6C4A3004E2206 /* Dao */ = {
			isa = PBXGroup;
			children = (
				3667408A29F6C4C4004E2206 /* BaseRealmDao.swift */,
				3667408B29F6C4C4004E2206 /* HistoryRealmInfoDao.swift */,
			);
			path = Dao;
			sourceTree = "<group>";
		};
		3667408E29F6C4E5004E2206 /* Realm */ = {
			isa = PBXGroup;
			children = (
				3667408929F6C4A3004E2206 /* Dao */,
			);
			path = Realm;
			sourceTree = "<group>";
		};
		3667408F29F6C4F6004E2206 /* SQLite */ = {
			isa = PBXGroup;
			children = (
				3667409029F6C4FD004E2206 /* Dao */,
			);
			path = SQLite;
			sourceTree = "<group>";
		};
		3667409029F6C4FD004E2206 /* Dao */ = {
			isa = PBXGroup;
			children = (
				3667409229F6C507004E2206 /* HistorySQLiteInfoDao.swift */,
				3667409129F6C506004E2206 /* SQLiteHelper.swift */,
			);
			path = Dao;
			sourceTree = "<group>";
		};
		3667409529F6C53A004E2206 /* Protocols */ = {
			isa = PBXGroup;
			children = (
				3667409629F6C548004E2206 /* Repository.swift */,
				3667405729F559A1004E2206 /* Service.swift */,
			);
			path = Protocols;
			sourceTree = "<group>";
		};
		366740B429F751F9004E2206 /* Mock */ = {
			isa = PBXGroup;
			children = (
				366740BF29F7523D004E2206 /* Repository */,
				366740B729F75212004E2206 /* Answers+mock.swift */,
				366740B829F75212004E2206 /* CorrectAnswers+mock.swift */,
				366740B929F75212004E2206 /* DummyError.swift */,
				366740B529F75212004E2206 /* MockService.swift */,
				366740B629F75212004E2206 /* QuizData+mock.swift */,
			);
			path = Mock;
			sourceTree = "<group>";
		};
		366740BF29F7523D004E2206 /* Repository */ = {
			isa = PBXGroup;
			children = (
				366740C029F75245004E2206 /* HistoryInfoModel+mock.swift */,
				366740C129F75245004E2206 /* MockRepository.swift */,
				366740C229F75245004E2206 /* Problem+mock.swift */,
			);
			path = Repository;
			sourceTree = "<group>";
		};
		4D262E4E3174C783B99962E0 /* Frameworks */ = {
			isa = PBXGroup;
			children = (
				2A710328F9AB861861C6D1E1 /* Pods_QuizProjectInUIKit.framework */,
				1B06C439D8BC3DFE18B65852 /* Pods_QuizProjectInUIKit_QuizProjectInUIKitUITests.framework */,
				AAFB2E5BC7CAD7991C0135CC /* Pods_QuizProjectInUIKitTests.framework */,
			);
			name = Frameworks;
			sourceTree = "<group>";
		};
		B6D06C708113550B42C509E5 /* Pods */ = {
			isa = PBXGroup;
			children = (
				F3BC1F5D3E206F7AAF525CE7 /* Pods-QuizProjectInUIKit.debug.xcconfig */,
				3191425B2288624F04216D52 /* Pods-QuizProjectInUIKit.release.xcconfig */,
				87D34960FBB71683BBF0ACEA /* Pods-QuizProjectInUIKit-QuizProjectInUIKitUITests.debug.xcconfig */,
				742B6253280C106E66DA2EFE /* Pods-QuizProjectInUIKit-QuizProjectInUIKitUITests.release.xcconfig */,
				6F35002DC615616AF14EF08C /* Pods-QuizProjectInUIKitTests.debug.xcconfig */,
				E3665849C5486233355729F8 /* Pods-QuizProjectInUIKitTests.release.xcconfig */,
			);
			path = Pods;
			sourceTree = "<group>";
		};
/* End PBXGroup section */

/* Begin PBXNativeTarget section */
		3631326729F520BE0093BE38 /* QuizProjectInUIKit */ = {
			isa = PBXNativeTarget;
			buildConfigurationList = 3631329229F520BF0093BE38 /* Build configuration list for PBXNativeTarget "QuizProjectInUIKit" */;
			buildPhases = (
				4F4CF63648DC77367B4810FF /* [CP] Check Pods Manifest.lock */,
				3631326429F520BE0093BE38 /* Sources */,
				3631326529F520BE0093BE38 /* Frameworks */,
				3631326629F520BE0093BE38 /* Resources */,
				70EBDC491C0BDBC9819AC842 /* [CP] Embed Pods Frameworks */,
			);
			buildRules = (
			);
			dependencies = (
			);
			name = QuizProjectInUIKit;
			packageProductDependencies = (
				36673FDB29F5279A004E2206 /* RealmSwift */,
			);
			productName = QuizProjectInUIKit;
			productReference = 3631326829F520BE0093BE38 /* QuizProjectInUIKit.app */;
			productType = "com.apple.product-type.application";
		};
		3631327D29F520BF0093BE38 /* QuizProjectInUIKitTests */ = {
			isa = PBXNativeTarget;
			buildConfigurationList = 3631329529F520BF0093BE38 /* Build configuration list for PBXNativeTarget "QuizProjectInUIKitTests" */;
			buildPhases = (
				4A92EC35982F7634A6EE07AF /* [CP] Check Pods Manifest.lock */,
				3631327A29F520BF0093BE38 /* Sources */,
				3631327B29F520BF0093BE38 /* Frameworks */,
				3631327C29F520BF0093BE38 /* Resources */,
			);
			buildRules = (
			);
			dependencies = (
				3631328029F520BF0093BE38 /* PBXTargetDependency */,
			);
			name = QuizProjectInUIKitTests;
			productName = QuizProjectInUIKitTests;
			productReference = 3631327E29F520BF0093BE38 /* QuizProjectInUIKitTests.xctest */;
			productType = "com.apple.product-type.bundle.unit-test";
		};
		3631328729F520BF0093BE38 /* QuizProjectInUIKitUITests */ = {
			isa = PBXNativeTarget;
			buildConfigurationList = 3631329829F520BF0093BE38 /* Build configuration list for PBXNativeTarget "QuizProjectInUIKitUITests" */;
			buildPhases = (
				1D2E03B2B4989B5E7E3974FA /* [CP] Check Pods Manifest.lock */,
				3631328429F520BF0093BE38 /* Sources */,
				3631328529F520BF0093BE38 /* Frameworks */,
				3631328629F520BF0093BE38 /* Resources */,
				7F6D8CB6A84CE341500332F5 /* [CP] Embed Pods Frameworks */,
			);
			buildRules = (
			);
			dependencies = (
				3631328A29F520BF0093BE38 /* PBXTargetDependency */,
			);
			name = QuizProjectInUIKitUITests;
			productName = QuizProjectInUIKitUITests;
			productReference = 3631328829F520BF0093BE38 /* QuizProjectInUIKitUITests.xctest */;
			productType = "com.apple.product-type.bundle.ui-testing";
		};
/* End PBXNativeTarget section */

/* Begin PBXProject section */
		3631326029F520BE0093BE38 /* Project object */ = {
			isa = PBXProject;
			attributes = {
				BuildIndependentTargetsInParallel = 1;
				LastSwiftUpdateCheck = 1410;
				LastUpgradeCheck = 1410;
				TargetAttributes = {
					3631326729F520BE0093BE38 = {
						CreatedOnToolsVersion = 14.1;
					};
					3631327D29F520BF0093BE38 = {
						CreatedOnToolsVersion = 14.1;
						TestTargetID = 3631326729F520BE0093BE38;
					};
					3631328729F520BF0093BE38 = {
						CreatedOnToolsVersion = 14.1;
						TestTargetID = 3631326729F520BE0093BE38;
					};
				};
			};
			buildConfigurationList = 3631326329F520BE0093BE38 /* Build configuration list for PBXProject "QuizProjectInUIKit" */;
			compatibilityVersion = "Xcode 14.0";
			developmentRegion = en;
			hasScannedForEncodings = 0;
			knownRegions = (
				en,
				Base,
			);
			mainGroup = 3631325F29F520BE0093BE38;
			packageReferences = (
				36673FDA29F5279A004E2206 /* XCRemoteSwiftPackageReference "realm-swift" */,
			);
			productRefGroup = 3631326929F520BE0093BE38 /* Products */;
			projectDirPath = "";
			projectRoot = "";
			targets = (
				3631326729F520BE0093BE38 /* QuizProjectInUIKit */,
				3631327D29F520BF0093BE38 /* QuizProjectInUIKitTests */,
				3631328729F520BF0093BE38 /* QuizProjectInUIKitUITests */,
			);
		};
/* End PBXProject section */

/* Begin PBXResourcesBuildPhase section */
		3631326629F520BE0093BE38 /* Resources */ = {
			isa = PBXResourcesBuildPhase;
			buildActionMask = 2147483647;
			files = (
				3667404129F5572B004E2206 /* AnswerSelect.mp3 in Resources */,
				3667406529F55AD7004E2206 /* GenreSelectTableViewCell.xib in Resources */,
				3667404729F5572B004E2206 /* 春のキッチンBGM.mp3 in Resources */,
				3667403829F5572B004E2206 /* えええ、、勉強するのだ.mp3 in Resources */,
				3667404329F5572B004E2206 /* 残念BGM.mp3 in Resources */,
				3667403C29F5572B004E2206 /* SunriseBGM.mp3 in Resources */,
				366740B329F750BD004E2206 /* ResultListScreen.storyboard in Resources */,
				3667403B29F5572B004E2206 /* syuwasyuwaBGM.mp3 in Resources */,
				3667406929F5FAD8004E2206 /* ProblemChallengeScreen.storyboard in Resources */,
				3667403F29F5572B004E2206 /* NotSelect.mp3 in Resources */,
				3667404429F5572B004E2206 /* Dance_With_PowderBGM.mp3 in Resources */,
				3667404829F5572B004E2206 /* 正解なのだ.mp3 in Resources */,
				3667403729F5572B004E2206 /* Shall_we_meet?BGM.mp3 in Resources */,
				3667404629F5572B004E2206 /* 終了なのだ.mp3 in Resources */,
				3667404229F5572B004E2206 /* すごいのだ、天才なのだ.mp3 in Resources */,
				3667403D29F5572B004E2206 /* もう少し頑張るのだ、ファイトなのだ.mp3 in Resources */,
				36673FED29F52E0C004E2206 /* nicomoji-plus_v2.ttf in Resources */,
				3667404529F5572B004E2206 /* 次は頑張るのだ、応援してるのだ.mp3 in Resources */,
				36673FE929F52CF7004E2206 /* TopScreeen.storyboard in Resources */,
				366740B129F750B8004E2206 /* ResultDetailScreen.storyboard in Resources */,
				366740AF29F750B2004E2206 /* ResultScreen.storyboard in Resources */,
				366740A929F75007004E2206 /* ResultTableViewCell.xib in Resources */,
				3667404029F5572B004E2206 /* ジャンルを選択するのだ.mp3 in Resources */,
				3667403929F5572B004E2206 /* 不正解なのだ.mp3 in Resources */,
				3631327829F520BF0093BE38 /* LaunchScreen.storyboard in Resources */,
				3667407E29F6C3C3004E2206 /* ProblemChallengeTableViewCell.xib in Resources */,
				3667403E29F5572B004E2206 /* まずまずなのだ、次は満点目指すのだ.mp3 in Resources */,
				3667403A29F5572B004E2206 /* ButtonTap1.mp3 in Resources */,
				366740A729F74FEA004E2206 /* ResultListTableViewCell.xib in Resources */,
				3631327529F520BF0093BE38 /* Assets.xcassets in Resources */,
				3667404A29F557B0004E2206 /* GenreSelectScreen.storyboard in Resources */,
			);
			runOnlyForDeploymentPostprocessing = 0;
		};
		3631327C29F520BF0093BE38 /* Resources */ = {
			isa = PBXResourcesBuildPhase;
			buildActionMask = 2147483647;
			files = (
			);
			runOnlyForDeploymentPostprocessing = 0;
		};
		3631328629F520BF0093BE38 /* Resources */ = {
			isa = PBXResourcesBuildPhase;
			buildActionMask = 2147483647;
			files = (
			);
			runOnlyForDeploymentPostprocessing = 0;
		};
/* End PBXResourcesBuildPhase section */

/* Begin PBXShellScriptBuildPhase section */
		1D2E03B2B4989B5E7E3974FA /* [CP] Check Pods Manifest.lock */ = {
			isa = PBXShellScriptBuildPhase;
			buildActionMask = 2147483647;
			files = (
			);
			inputFileListPaths = (
			);
			inputPaths = (
				"${PODS_PODFILE_DIR_PATH}/Podfile.lock",
				"${PODS_ROOT}/Manifest.lock",
			);
			name = "[CP] Check Pods Manifest.lock";
			outputFileListPaths = (
			);
			outputPaths = (
				"$(DERIVED_FILE_DIR)/Pods-QuizProjectInUIKit-QuizProjectInUIKitUITests-checkManifestLockResult.txt",
			);
			runOnlyForDeploymentPostprocessing = 0;
			shellPath = /bin/sh;
			shellScript = "diff \"${PODS_PODFILE_DIR_PATH}/Podfile.lock\" \"${PODS_ROOT}/Manifest.lock\" > /dev/null\nif [ $? != 0 ] ; then\n    # print error to STDERR\n    echo \"error: The sandbox is not in sync with the Podfile.lock. Run 'pod install' or update your CocoaPods installation.\" >&2\n    exit 1\nfi\n# This output is used by Xcode 'outputs' to avoid re-running this script phase.\necho \"SUCCESS\" > \"${SCRIPT_OUTPUT_FILE_0}\"\n";
			showEnvVarsInLog = 0;
		};
		4A92EC35982F7634A6EE07AF /* [CP] Check Pods Manifest.lock */ = {
			isa = PBXShellScriptBuildPhase;
			buildActionMask = 2147483647;
			files = (
			);
			inputFileListPaths = (
			);
			inputPaths = (
				"${PODS_PODFILE_DIR_PATH}/Podfile.lock",
				"${PODS_ROOT}/Manifest.lock",
			);
			name = "[CP] Check Pods Manifest.lock";
			outputFileListPaths = (
			);
			outputPaths = (
				"$(DERIVED_FILE_DIR)/Pods-QuizProjectInUIKitTests-checkManifestLockResult.txt",
			);
			runOnlyForDeploymentPostprocessing = 0;
			shellPath = /bin/sh;
			shellScript = "diff \"${PODS_PODFILE_DIR_PATH}/Podfile.lock\" \"${PODS_ROOT}/Manifest.lock\" > /dev/null\nif [ $? != 0 ] ; then\n    # print error to STDERR\n    echo \"error: The sandbox is not in sync with the Podfile.lock. Run 'pod install' or update your CocoaPods installation.\" >&2\n    exit 1\nfi\n# This output is used by Xcode 'outputs' to avoid re-running this script phase.\necho \"SUCCESS\" > \"${SCRIPT_OUTPUT_FILE_0}\"\n";
			showEnvVarsInLog = 0;
		};
		4F4CF63648DC77367B4810FF /* [CP] Check Pods Manifest.lock */ = {
			isa = PBXShellScriptBuildPhase;
			buildActionMask = 2147483647;
			files = (
			);
			inputFileListPaths = (
			);
			inputPaths = (
				"${PODS_PODFILE_DIR_PATH}/Podfile.lock",
				"${PODS_ROOT}/Manifest.lock",
			);
			name = "[CP] Check Pods Manifest.lock";
			outputFileListPaths = (
			);
			outputPaths = (
				"$(DERIVED_FILE_DIR)/Pods-QuizProjectInUIKit-checkManifestLockResult.txt",
			);
			runOnlyForDeploymentPostprocessing = 0;
			shellPath = /bin/sh;
			shellScript = "diff \"${PODS_PODFILE_DIR_PATH}/Podfile.lock\" \"${PODS_ROOT}/Manifest.lock\" > /dev/null\nif [ $? != 0 ] ; then\n    # print error to STDERR\n    echo \"error: The sandbox is not in sync with the Podfile.lock. Run 'pod install' or update your CocoaPods installation.\" >&2\n    exit 1\nfi\n# This output is used by Xcode 'outputs' to avoid re-running this script phase.\necho \"SUCCESS\" > \"${SCRIPT_OUTPUT_FILE_0}\"\n";
			showEnvVarsInLog = 0;
		};
		70EBDC491C0BDBC9819AC842 /* [CP] Embed Pods Frameworks */ = {
			isa = PBXShellScriptBuildPhase;
			buildActionMask = 2147483647;
			files = (
			);
			inputFileListPaths = (
				"${PODS_ROOT}/Target Support Files/Pods-QuizProjectInUIKit/Pods-QuizProjectInUIKit-frameworks-${CONFIGURATION}-input-files.xcfilelist",
			);
			name = "[CP] Embed Pods Frameworks";
			outputFileListPaths = (
				"${PODS_ROOT}/Target Support Files/Pods-QuizProjectInUIKit/Pods-QuizProjectInUIKit-frameworks-${CONFIGURATION}-output-files.xcfilelist",
			);
			runOnlyForDeploymentPostprocessing = 0;
			shellPath = /bin/sh;
			shellScript = "\"${PODS_ROOT}/Target Support Files/Pods-QuizProjectInUIKit/Pods-QuizProjectInUIKit-frameworks.sh\"\n";
			showEnvVarsInLog = 0;
		};
		7F6D8CB6A84CE341500332F5 /* [CP] Embed Pods Frameworks */ = {
			isa = PBXShellScriptBuildPhase;
			buildActionMask = 2147483647;
			files = (
			);
			inputFileListPaths = (
				"${PODS_ROOT}/Target Support Files/Pods-QuizProjectInUIKit-QuizProjectInUIKitUITests/Pods-QuizProjectInUIKit-QuizProjectInUIKitUITests-frameworks-${CONFIGURATION}-input-files.xcfilelist",
			);
			name = "[CP] Embed Pods Frameworks";
			outputFileListPaths = (
				"${PODS_ROOT}/Target Support Files/Pods-QuizProjectInUIKit-QuizProjectInUIKitUITests/Pods-QuizProjectInUIKit-QuizProjectInUIKitUITests-frameworks-${CONFIGURATION}-output-files.xcfilelist",
			);
			runOnlyForDeploymentPostprocessing = 0;
			shellPath = /bin/sh;
			shellScript = "\"${PODS_ROOT}/Target Support Files/Pods-QuizProjectInUIKit-QuizProjectInUIKitUITests/Pods-QuizProjectInUIKit-QuizProjectInUIKitUITests-frameworks.sh\"\n";
			showEnvVarsInLog = 0;
		};
/* End PBXShellScriptBuildPhase section */

/* Begin PBXSourcesBuildPhase section */
		3631326429F520BE0093BE38 /* Sources */ = {
			isa = PBXSourcesBuildPhase;
			buildActionMask = 2147483647;
			files = (
				3667407329F6C2E9004E2206 /* BaseRealmModel.swift in Sources */,
				3667406729F5FA9E004E2206 /* ProblemChallengeViewController.swift in Sources */,
				36673FE529F52BAB004E2206 /* Constants.swift in Sources */,
				3667406E29F6C286004E2206 /* HistoryInfoModel.swift in Sources */,
				366740A329F74FB6004E2206 /* ResultListViewController.swift in Sources */,
				3667402429F5557E004E2206 /* UIAlertController-Extension.swift in Sources */,
				366740C429F75245004E2206 /* MockRepository.swift in Sources */,
				3667404C29F55804004E2206 /* GenreSelectViewController.swift in Sources */,
				3667408329F6C417004E2206 /* UIColor-Extension.swift in Sources */,
				3667408D29F6C4C4004E2206 /* HistoryRealmInfoDao.swift in Sources */,
				3667409729F6C548004E2206 /* Repository.swift in Sources */,
				366740AD29F75051004E2206 /* ResultDetailViewController.swift in Sources */,
				3667405529F5594B004E2206 /* ServiceAPIClient.swift in Sources */,
				366740C529F75245004E2206 /* Problem+mock.swift in Sources */,
				3667406B29F6C234004E2206 /* QuizBrain.swift in Sources */,
				36673FF529F52EE5004E2206 /* UIImage-Extension.swift in Sources */,
				3667407529F6C31E004E2206 /* Date-Extension.swift in Sources */,
				3667408C29F6C4C4004E2206 /* BaseRealmDao.swift in Sources */,
				3631326C29F520BE0093BE38 /* AppDelegate.swift in Sources */,
				3667409B29F6C594004E2206 /* Settings.swift in Sources */,
				366740BD29F75212004E2206 /* CorrectAnswers+mock.swift in Sources */,
				366740BE29F75212004E2206 /* DummyError.swift in Sources */,
				3667405329F55935004E2206 /* ServiceManager.swift in Sources */,
				3667408629F6C47E004E2206 /* RepositoryManager.swift in Sources */,
				3667407729F6C33A004E2206 /* DateFormatter-Extension.swift in Sources */,
				3667404F29F55846004E2206 /* GenreBrain.swift in Sources */,
				36673FF729F5548C004E2206 /* UserDefault-Extension.swift in Sources */,
				3667409D29F74E32004E2206 /* VerticallyScreenViewController.swift in Sources */,
				3667407A29F6C386004E2206 /* HistoryInfoTable.swift in Sources */,
				366740A129F74F90004E2206 /* ResultViewController.swift in Sources */,
				3667409329F6C507004E2206 /* SQLiteHelper.swift in Sources */,
				3667405829F559A1004E2206 /* Service.swift in Sources */,
				36673FF929F554C8004E2206 /* UIViewController-Extension.swift in Sources */,
				3667405F29F55A53004E2206 /* String-Extension.swift in Sources */,
				3631326E29F520BE0093BE38 /* SceneDelegate.swift in Sources */,
				3667406229F55AB6004E2206 /* GenreSelectTableViewCell.swift in Sources */,
				36673FE729F52BE1004E2206 /* TopViewController.swift in Sources */,
				36673FFB29F55512004E2206 /* Player.swift in Sources */,
				36673FF229F52E79004E2206 /* AnimateImageModel.swift in Sources */,
				366740BC29F75212004E2206 /* Answers+mock.swift in Sources */,
				3667408129F6C3E8004E2206 /* ShadowView.swift in Sources */,
				3667405B29F559CE004E2206 /* QuizData.swift in Sources */,
				3667409929F6C569004E2206 /* RepositoryHistoryInfoModel.swift in Sources */,
				366740BB29F75212004E2206 /* QuizData+mock.swift in Sources */,
				3667407C29F6C3B1004E2206 /* ProblemChallengeTableViewCell.swift in Sources */,
				36673FFD29F5552F004E2206 /* PlayerBrain.swift in Sources */,
				366740BA29F75212004E2206 /* MockService.swift in Sources */,
				3667409F29F74E59004E2206 /* ZundamonManager.swift in Sources */,
				366740C329F75245004E2206 /* HistoryInfoModel+mock.swift in Sources */,
				3667409429F6C507004E2206 /* HistorySQLiteInfoDao.swift in Sources */,
				3667407129F6C2D1004E2206 /* HistoryInfoRealmModel.swift in Sources */,
				366740A529F74FDB004E2206 /* ResultListTableViewCell.swift in Sources */,
				366740AB29F7500E004E2206 /* ResultTableViewCell.swift in Sources */,
				3667405D29F55A12004E2206 /* ServiceData.swift in Sources */,
			);
			runOnlyForDeploymentPostprocessing = 0;
		};
		3631327A29F520BF0093BE38 /* Sources */ = {
			isa = PBXSourcesBuildPhase;
			buildActionMask = 2147483647;
			files = (
				3631328329F520BF0093BE38 /* QuizProjectInUIKitTests.swift in Sources */,
			);
			runOnlyForDeploymentPostprocessing = 0;
		};
		3631328429F520BF0093BE38 /* Sources */ = {
			isa = PBXSourcesBuildPhase;
			buildActionMask = 2147483647;
			files = (
				3631328D29F520BF0093BE38 /* QuizProjectInUIKitUITests.swift in Sources */,
				3631328F29F520BF0093BE38 /* QuizProjectInUIKitUITestsLaunchTests.swift in Sources */,
			);
			runOnlyForDeploymentPostprocessing = 0;
		};
/* End PBXSourcesBuildPhase section */

/* Begin PBXTargetDependency section */
		3631328029F520BF0093BE38 /* PBXTargetDependency */ = {
			isa = PBXTargetDependency;
			target = 3631326729F520BE0093BE38 /* QuizProjectInUIKit */;
			targetProxy = 3631327F29F520BF0093BE38 /* PBXContainerItemProxy */;
		};
		3631328A29F520BF0093BE38 /* PBXTargetDependency */ = {
			isa = PBXTargetDependency;
			target = 3631326729F520BE0093BE38 /* QuizProjectInUIKit */;
			targetProxy = 3631328929F520BF0093BE38 /* PBXContainerItemProxy */;
		};
/* End PBXTargetDependency section */

/* Begin PBXVariantGroup section */
		3631327629F520BF0093BE38 /* LaunchScreen.storyboard */ = {
			isa = PBXVariantGroup;
			children = (
				3631327729F520BF0093BE38 /* Base */,
			);
			name = LaunchScreen.storyboard;
			sourceTree = "<group>";
		};
/* End PBXVariantGroup section */

/* Begin XCBuildConfiguration section */
		3631329029F520BF0093BE38 /* Debug */ = {
			isa = XCBuildConfiguration;
			buildSettings = {
				ALWAYS_SEARCH_USER_PATHS = NO;
				CLANG_ANALYZER_NONNULL = YES;
				CLANG_ANALYZER_NUMBER_OBJECT_CONVERSION = YES_AGGRESSIVE;
				CLANG_CXX_LANGUAGE_STANDARD = "gnu++20";
				CLANG_ENABLE_MODULES = YES;
				CLANG_ENABLE_OBJC_ARC = YES;
				CLANG_ENABLE_OBJC_WEAK = YES;
				CLANG_WARN_BLOCK_CAPTURE_AUTORELEASING = YES;
				CLANG_WARN_BOOL_CONVERSION = YES;
				CLANG_WARN_COMMA = YES;
				CLANG_WARN_CONSTANT_CONVERSION = YES;
				CLANG_WARN_DEPRECATED_OBJC_IMPLEMENTATIONS = YES;
				CLANG_WARN_DIRECT_OBJC_ISA_USAGE = YES_ERROR;
				CLANG_WARN_DOCUMENTATION_COMMENTS = YES;
				CLANG_WARN_EMPTY_BODY = YES;
				CLANG_WARN_ENUM_CONVERSION = YES;
				CLANG_WARN_INFINITE_RECURSION = YES;
				CLANG_WARN_INT_CONVERSION = YES;
				CLANG_WARN_NON_LITERAL_NULL_CONVERSION = YES;
				CLANG_WARN_OBJC_IMPLICIT_RETAIN_SELF = YES;
				CLANG_WARN_OBJC_LITERAL_CONVERSION = YES;
				CLANG_WARN_OBJC_ROOT_CLASS = YES_ERROR;
				CLANG_WARN_QUOTED_INCLUDE_IN_FRAMEWORK_HEADER = YES;
				CLANG_WARN_RANGE_LOOP_ANALYSIS = YES;
				CLANG_WARN_STRICT_PROTOTYPES = YES;
				CLANG_WARN_SUSPICIOUS_MOVE = YES;
				CLANG_WARN_UNGUARDED_AVAILABILITY = YES_AGGRESSIVE;
				CLANG_WARN_UNREACHABLE_CODE = YES;
				CLANG_WARN__DUPLICATE_METHOD_MATCH = YES;
				COPY_PHASE_STRIP = NO;
				DEBUG_INFORMATION_FORMAT = dwarf;
				ENABLE_STRICT_OBJC_MSGSEND = YES;
				ENABLE_TESTABILITY = YES;
				GCC_C_LANGUAGE_STANDARD = gnu11;
				GCC_DYNAMIC_NO_PIC = NO;
				GCC_NO_COMMON_BLOCKS = YES;
				GCC_OPTIMIZATION_LEVEL = 0;
				GCC_PREPROCESSOR_DEFINITIONS = (
					"DEBUG=1",
					"$(inherited)",
				);
				GCC_WARN_64_TO_32_BIT_CONVERSION = YES;
				GCC_WARN_ABOUT_RETURN_TYPE = YES_ERROR;
				GCC_WARN_UNDECLARED_SELECTOR = YES;
				GCC_WARN_UNINITIALIZED_AUTOS = YES_AGGRESSIVE;
				GCC_WARN_UNUSED_FUNCTION = YES;
				GCC_WARN_UNUSED_VARIABLE = YES;
				IPHONEOS_DEPLOYMENT_TARGET = 16.1;
				MTL_ENABLE_DEBUG_INFO = INCLUDE_SOURCE;
				MTL_FAST_MATH = YES;
				ONLY_ACTIVE_ARCH = YES;
				SDKROOT = iphoneos;
				SWIFT_ACTIVE_COMPILATION_CONDITIONS = DEBUG;
				SWIFT_OPTIMIZATION_LEVEL = "-Onone";
			};
			name = Debug;
		};
		3631329129F520BF0093BE38 /* Release */ = {
			isa = XCBuildConfiguration;
			buildSettings = {
				ALWAYS_SEARCH_USER_PATHS = NO;
				CLANG_ANALYZER_NONNULL = YES;
				CLANG_ANALYZER_NUMBER_OBJECT_CONVERSION = YES_AGGRESSIVE;
				CLANG_CXX_LANGUAGE_STANDARD = "gnu++20";
				CLANG_ENABLE_MODULES = YES;
				CLANG_ENABLE_OBJC_ARC = YES;
				CLANG_ENABLE_OBJC_WEAK = YES;
				CLANG_WARN_BLOCK_CAPTURE_AUTORELEASING = YES;
				CLANG_WARN_BOOL_CONVERSION = YES;
				CLANG_WARN_COMMA = YES;
				CLANG_WARN_CONSTANT_CONVERSION = YES;
				CLANG_WARN_DEPRECATED_OBJC_IMPLEMENTATIONS = YES;
				CLANG_WARN_DIRECT_OBJC_ISA_USAGE = YES_ERROR;
				CLANG_WARN_DOCUMENTATION_COMMENTS = YES;
				CLANG_WARN_EMPTY_BODY = YES;
				CLANG_WARN_ENUM_CONVERSION = YES;
				CLANG_WARN_INFINITE_RECURSION = YES;
				CLANG_WARN_INT_CONVERSION = YES;
				CLANG_WARN_NON_LITERAL_NULL_CONVERSION = YES;
				CLANG_WARN_OBJC_IMPLICIT_RETAIN_SELF = YES;
				CLANG_WARN_OBJC_LITERAL_CONVERSION = YES;
				CLANG_WARN_OBJC_ROOT_CLASS = YES_ERROR;
				CLANG_WARN_QUOTED_INCLUDE_IN_FRAMEWORK_HEADER = YES;
				CLANG_WARN_RANGE_LOOP_ANALYSIS = YES;
				CLANG_WARN_STRICT_PROTOTYPES = YES;
				CLANG_WARN_SUSPICIOUS_MOVE = YES;
				CLANG_WARN_UNGUARDED_AVAILABILITY = YES_AGGRESSIVE;
				CLANG_WARN_UNREACHABLE_CODE = YES;
				CLANG_WARN__DUPLICATE_METHOD_MATCH = YES;
				COPY_PHASE_STRIP = NO;
				DEBUG_INFORMATION_FORMAT = "dwarf-with-dsym";
				ENABLE_NS_ASSERTIONS = NO;
				ENABLE_STRICT_OBJC_MSGSEND = YES;
				GCC_C_LANGUAGE_STANDARD = gnu11;
				GCC_NO_COMMON_BLOCKS = YES;
				GCC_WARN_64_TO_32_BIT_CONVERSION = YES;
				GCC_WARN_ABOUT_RETURN_TYPE = YES_ERROR;
				GCC_WARN_UNDECLARED_SELECTOR = YES;
				GCC_WARN_UNINITIALIZED_AUTOS = YES_AGGRESSIVE;
				GCC_WARN_UNUSED_FUNCTION = YES;
				GCC_WARN_UNUSED_VARIABLE = YES;
				IPHONEOS_DEPLOYMENT_TARGET = 16.1;
				MTL_ENABLE_DEBUG_INFO = NO;
				MTL_FAST_MATH = YES;
				SDKROOT = iphoneos;
				SWIFT_COMPILATION_MODE = wholemodule;
				SWIFT_OPTIMIZATION_LEVEL = "-O";
				VALIDATE_PRODUCT = YES;
			};
			name = Release;
		};
		3631329329F520BF0093BE38 /* Debug */ = {
			isa = XCBuildConfiguration;
			baseConfigurationReference = F3BC1F5D3E206F7AAF525CE7 /* Pods-QuizProjectInUIKit.debug.xcconfig */;
			buildSettings = {
				ASSETCATALOG_COMPILER_APPICON_NAME = AppIcon;
				ASSETCATALOG_COMPILER_GLOBAL_ACCENT_COLOR_NAME = AccentColor;
				CODE_SIGN_STYLE = Automatic;
				CURRENT_PROJECT_VERSION = 1;
				DEVELOPMENT_TEAM = ASYY52PPPV;
				GENERATE_INFOPLIST_FILE = YES;
				INFOPLIST_FILE = QuizProjectInUIKit/Info.plist;
				INFOPLIST_KEY_UIApplicationSupportsIndirectInputEvents = YES;
				INFOPLIST_KEY_UILaunchStoryboardName = LaunchScreen;
				INFOPLIST_KEY_UIMainStoryboardFile = TopScreeen;
				INFOPLIST_KEY_UISupportedInterfaceOrientations_iPad = "UIInterfaceOrientationPortrait UIInterfaceOrientationPortraitUpsideDown UIInterfaceOrientationLandscapeLeft UIInterfaceOrientationLandscapeRight";
				INFOPLIST_KEY_UISupportedInterfaceOrientations_iPhone = "UIInterfaceOrientationPortrait UIInterfaceOrientationLandscapeLeft UIInterfaceOrientationLandscapeRight";
				LD_RUNPATH_SEARCH_PATHS = (
					"$(inherited)",
					"@executable_path/Frameworks",
				);
				MARKETING_VERSION = 1.0;
				PRODUCT_BUNDLE_IDENTIFIER = com.yosshi.QuizProjectInUIKit;
				PRODUCT_NAME = "$(TARGET_NAME)";
				SWIFT_EMIT_LOC_STRINGS = YES;
				SWIFT_VERSION = 5.0;
				TARGETED_DEVICE_FAMILY = "1,2";
			};
			name = Debug;
		};
		3631329429F520BF0093BE38 /* Release */ = {
			isa = XCBuildConfiguration;
			baseConfigurationReference = 3191425B2288624F04216D52 /* Pods-QuizProjectInUIKit.release.xcconfig */;
			buildSettings = {
				ASSETCATALOG_COMPILER_APPICON_NAME = AppIcon;
				ASSETCATALOG_COMPILER_GLOBAL_ACCENT_COLOR_NAME = AccentColor;
				CODE_SIGN_STYLE = Automatic;
				CURRENT_PROJECT_VERSION = 1;
				DEVELOPMENT_TEAM = ASYY52PPPV;
				GENERATE_INFOPLIST_FILE = YES;
				INFOPLIST_FILE = QuizProjectInUIKit/Info.plist;
				INFOPLIST_KEY_UIApplicationSupportsIndirectInputEvents = YES;
				INFOPLIST_KEY_UILaunchStoryboardName = LaunchScreen;
				INFOPLIST_KEY_UIMainStoryboardFile = TopScreeen;
				INFOPLIST_KEY_UISupportedInterfaceOrientations_iPad = "UIInterfaceOrientationPortrait UIInterfaceOrientationPortraitUpsideDown UIInterfaceOrientationLandscapeLeft UIInterfaceOrientationLandscapeRight";
				INFOPLIST_KEY_UISupportedInterfaceOrientations_iPhone = "UIInterfaceOrientationPortrait UIInterfaceOrientationLandscapeLeft UIInterfaceOrientationLandscapeRight";
				LD_RUNPATH_SEARCH_PATHS = (
					"$(inherited)",
					"@executable_path/Frameworks",
				);
				MARKETING_VERSION = 1.0;
				PRODUCT_BUNDLE_IDENTIFIER = com.yosshi.QuizProjectInUIKit;
				PRODUCT_NAME = "$(TARGET_NAME)";
				SWIFT_EMIT_LOC_STRINGS = YES;
				SWIFT_VERSION = 5.0;
				TARGETED_DEVICE_FAMILY = "1,2";
			};
			name = Release;
		};
		3631329629F520BF0093BE38 /* Debug */ = {
			isa = XCBuildConfiguration;
			baseConfigurationReference = 6F35002DC615616AF14EF08C /* Pods-QuizProjectInUIKitTests.debug.xcconfig */;
			buildSettings = {
				ALWAYS_EMBED_SWIFT_STANDARD_LIBRARIES = YES;
				BUNDLE_LOADER = "$(TEST_HOST)";
				CODE_SIGN_STYLE = Automatic;
				CURRENT_PROJECT_VERSION = 1;
				DEVELOPMENT_TEAM = ASYY52PPPV;
				GENERATE_INFOPLIST_FILE = YES;
				IPHONEOS_DEPLOYMENT_TARGET = 16.1;
				MARKETING_VERSION = 1.0;
				PRODUCT_BUNDLE_IDENTIFIER = com.yosshi.QuizProjectInUIKitTests;
				PRODUCT_NAME = "$(TARGET_NAME)";
				SWIFT_EMIT_LOC_STRINGS = NO;
				SWIFT_VERSION = 5.0;
				TARGETED_DEVICE_FAMILY = "1,2";
				TEST_HOST = "$(BUILT_PRODUCTS_DIR)/QuizProjectInUIKit.app/$(BUNDLE_EXECUTABLE_FOLDER_PATH)/QuizProjectInUIKit";
			};
			name = Debug;
		};
		3631329729F520BF0093BE38 /* Release */ = {
			isa = XCBuildConfiguration;
			baseConfigurationReference = E3665849C5486233355729F8 /* Pods-QuizProjectInUIKitTests.release.xcconfig */;
			buildSettings = {
				ALWAYS_EMBED_SWIFT_STANDARD_LIBRARIES = YES;
				BUNDLE_LOADER = "$(TEST_HOST)";
				CODE_SIGN_STYLE = Automatic;
				CURRENT_PROJECT_VERSION = 1;
				DEVELOPMENT_TEAM = ASYY52PPPV;
				GENERATE_INFOPLIST_FILE = YES;
				IPHONEOS_DEPLOYMENT_TARGET = 16.1;
				MARKETING_VERSION = 1.0;
				PRODUCT_BUNDLE_IDENTIFIER = com.yosshi.QuizProjectInUIKitTests;
				PRODUCT_NAME = "$(TARGET_NAME)";
				SWIFT_EMIT_LOC_STRINGS = NO;
				SWIFT_VERSION = 5.0;
				TARGETED_DEVICE_FAMILY = "1,2";
				TEST_HOST = "$(BUILT_PRODUCTS_DIR)/QuizProjectInUIKit.app/$(BUNDLE_EXECUTABLE_FOLDER_PATH)/QuizProjectInUIKit";
			};
			name = Release;
		};
		3631329929F520BF0093BE38 /* Debug */ = {
			isa = XCBuildConfiguration;
			baseConfigurationReference = 87D34960FBB71683BBF0ACEA /* Pods-QuizProjectInUIKit-QuizProjectInUIKitUITests.debug.xcconfig */;
			buildSettings = {
				ALWAYS_EMBED_SWIFT_STANDARD_LIBRARIES = YES;
				CODE_SIGN_STYLE = Automatic;
				CURRENT_PROJECT_VERSION = 1;
				DEVELOPMENT_TEAM = ASYY52PPPV;
				GENERATE_INFOPLIST_FILE = YES;
				MARKETING_VERSION = 1.0;
				PRODUCT_BUNDLE_IDENTIFIER = com.yosshi.QuizProjectInUIKitUITests;
				PRODUCT_NAME = "$(TARGET_NAME)";
				SWIFT_EMIT_LOC_STRINGS = NO;
				SWIFT_VERSION = 5.0;
				TARGETED_DEVICE_FAMILY = "1,2";
				TEST_TARGET_NAME = QuizProjectInUIKit;
			};
			name = Debug;
		};
		3631329A29F520BF0093BE38 /* Release */ = {
			isa = XCBuildConfiguration;
			baseConfigurationReference = 742B6253280C106E66DA2EFE /* Pods-QuizProjectInUIKit-QuizProjectInUIKitUITests.release.xcconfig */;
			buildSettings = {
				ALWAYS_EMBED_SWIFT_STANDARD_LIBRARIES = YES;
				CODE_SIGN_STYLE = Automatic;
				CURRENT_PROJECT_VERSION = 1;
				DEVELOPMENT_TEAM = ASYY52PPPV;
				GENERATE_INFOPLIST_FILE = YES;
				MARKETING_VERSION = 1.0;
				PRODUCT_BUNDLE_IDENTIFIER = com.yosshi.QuizProjectInUIKitUITests;
				PRODUCT_NAME = "$(TARGET_NAME)";
				SWIFT_EMIT_LOC_STRINGS = NO;
				SWIFT_VERSION = 5.0;
				TARGETED_DEVICE_FAMILY = "1,2";
				TEST_TARGET_NAME = QuizProjectInUIKit;
			};
			name = Release;
		};
/* End XCBuildConfiguration section */

/* Begin XCConfigurationList section */
		3631326329F520BE0093BE38 /* Build configuration list for PBXProject "QuizProjectInUIKit" */ = {
			isa = XCConfigurationList;
			buildConfigurations = (
				3631329029F520BF0093BE38 /* Debug */,
				3631329129F520BF0093BE38 /* Release */,
			);
			defaultConfigurationIsVisible = 0;
			defaultConfigurationName = Release;
		};
		3631329229F520BF0093BE38 /* Build configuration list for PBXNativeTarget "QuizProjectInUIKit" */ = {
			isa = XCConfigurationList;
			buildConfigurations = (
				3631329329F520BF0093BE38 /* Debug */,
				3631329429F520BF0093BE38 /* Release */,
			);
			defaultConfigurationIsVisible = 0;
			defaultConfigurationName = Release;
		};
		3631329529F520BF0093BE38 /* Build configuration list for PBXNativeTarget "QuizProjectInUIKitTests" */ = {
			isa = XCConfigurationList;
			buildConfigurations = (
				3631329629F520BF0093BE38 /* Debug */,
				3631329729F520BF0093BE38 /* Release */,
			);
			defaultConfigurationIsVisible = 0;
			defaultConfigurationName = Release;
		};
		3631329829F520BF0093BE38 /* Build configuration list for PBXNativeTarget "QuizProjectInUIKitUITests" */ = {
			isa = XCConfigurationList;
			buildConfigurations = (
				3631329929F520BF0093BE38 /* Debug */,
				3631329A29F520BF0093BE38 /* Release */,
			);
			defaultConfigurationIsVisible = 0;
			defaultConfigurationName = Release;
		};
/* End XCConfigurationList section */

/* Begin XCRemoteSwiftPackageReference section */
		36673FDA29F5279A004E2206 /* XCRemoteSwiftPackageReference "realm-swift" */ = {
			isa = XCRemoteSwiftPackageReference;
			repositoryURL = "https://github.com/realm/realm-swift";
			requirement = {
				branch = master;
				kind = branch;
			};
		};
/* End XCRemoteSwiftPackageReference section */

/* Begin XCSwiftPackageProductDependency section */
		36673FDB29F5279A004E2206 /* RealmSwift */ = {
			isa = XCSwiftPackageProductDependency;
			package = 36673FDA29F5279A004E2206 /* XCRemoteSwiftPackageReference "realm-swift" */;
			productName = RealmSwift;
		};
/* End XCSwiftPackageProductDependency section */
	};
	rootObject = 3631326029F520BE0093BE38 /* Project object */;
}
